// !$*UTF8*$!
{
	archiveVersion = 1;
	classes = {
	};
	objectVersion = 39;
	objects = {
		1058C7A0FEA54F0111CA2CBB = {
			children = (
				1058C7A1FEA54F0111CA2CBB,
				E620410A06B0551D00236608,
			);
			isa = PBXGroup;
			name = "Linked Frameworks";
			refType = 4;
			sourceTree = "<group>";
		};
		1058C7A1FEA54F0111CA2CBB = {
			isa = PBXFileReference;
			lastKnownFileType = wrapper.framework;
			name = Cocoa.framework;
			path = /System/Library/Frameworks/Cocoa.framework;
			refType = 0;
			sourceTree = "<absolute>";
		};
		1058C7A2FEA54F0111CA2CBB = {
			children = (
				29B97325FDCFA39411CA2CEA,
				29B97324FDCFA39411CA2CEA,
			);
			isa = PBXGroup;
			name = "Other Frameworks";
			refType = 4;
			sourceTree = "<group>";
		};
//100
//101
//102
//103
//104
//190
//191
//192
//193
//194
		19C28FACFE9D520D11CA2CBB = {
			children = (
				8D1107320486CEB800E47090,
				E62040FB06B054E400236608,
				E61963020742288B008B6447,
				E622A846074247E20069335B,
			);
			isa = PBXGroup;
			name = Products;
			refType = 4;
			sourceTree = "<group>";
		};
//190
//191
//192
//193
//194
//290
//291
//292
//293
//294
		29B97313FDCFA39411CA2CEA = {
			buildSettings = {
			};
			buildStyles = (
				4A9504CCFFE6A4B311CA0CBA,
				4A9504CDFFE6A4B311CA0CBA,
			);
			hasScannedForEncodings = 1;
			isa = PBXProject;
			mainGroup = 29B97314FDCFA39411CA2CEA;
			projectDirPath = "";
			targets = (
				8D1107260486CEB800E47090,
				E62040FA06B054E400236608,
				E622A845074247E20069335B,
				E61963010742288B008B6447,
			);
		};
		29B97314FDCFA39411CA2CEA = {
			children = (
				29B97315FDCFA39411CA2CEA,
				E6D0A56C0745518A002DA041,
				E62C90BA074226DA005662BC,
				E6B5E40A06A6F28400F53EBB,
				29B97317FDCFA39411CA2CEA,
				E6B5E42906A6F36300F53EBB,
				29B97323FDCFA39411CA2CEA,
				19C28FACFE9D520D11CA2CBB,
			);
			isa = PBXGroup;
			name = Koan;
			path = "";
			refType = 4;
			sourceTree = "<group>";
		};
		29B97315FDCFA39411CA2CEA = {
			children = (
				E6E46D5806F8024D002809F0,
				E6B5E46B06A700E400F53EBB,
				E670A81207420F8C00E2DAEB,
				32CA4F630368D1EE00C91783,
				E622A550074231A60069335B,
				E6E7A6210749693A007005AC,
				E6055F7C07492729007A13BD,
				29B97316FDCFA39411CA2CEA,
				E622A551074231A60069335B,
				E6E7A62707496940007005AC,
				E6055F7D07492729007A13BD,
			);
			isa = PBXGroup;
			path = Source;
			refType = 2;
			sourceTree = SOURCE_ROOT;
		};
		29B97316FDCFA39411CA2CEA = {
			fileEncoding = 4;
			isa = PBXFileReference;
			lastKnownFileType = sourcecode.c.objc;
			path = Main.m;
			refType = 4;
			sourceTree = "<group>";
		};
		29B97317FDCFA39411CA2CEA = {
			children = (
				E6B5E3AA06A6EE0C00F53EBB,
				E6E46D7E06F803ED002809F0,
				8D1107310486CEB800E47090,
				E6B5E3B706A6EEA600F53EBB,
				E62C909E07422669005662BC,
				E6B5E61106A73B0A00F53EBB,
			);
			isa = PBXGroup;
			path = Resources;
			refType = 2;
			sourceTree = SOURCE_ROOT;
		};
		29B97323FDCFA39411CA2CEA = {
			children = (
				1058C7A0FEA54F0111CA2CBB,
				1058C7A2FEA54F0111CA2CBB,
			);
			isa = PBXGroup;
			name = Frameworks;
			path = "";
			refType = 4;
			sourceTree = "<group>";
		};
		29B97324FDCFA39411CA2CEA = {
			isa = PBXFileReference;
			lastKnownFileType = wrapper.framework;
			name = AppKit.framework;
			path = /System/Library/Frameworks/AppKit.framework;
			refType = 0;
			sourceTree = "<absolute>";
		};
		29B97325FDCFA39411CA2CEA = {
			isa = PBXFileReference;
			lastKnownFileType = wrapper.framework;
			name = Foundation.framework;
			path = /System/Library/Frameworks/Foundation.framework;
			refType = 0;
			sourceTree = "<absolute>";
		};
//290
//291
//292
//293
//294
//320
//321
//322
//323
//324
		32CA4F630368D1EE00C91783 = {
			fileEncoding = 4;
			isa = PBXFileReference;
			lastKnownFileType = sourcecode.c.h;
			path = "Koan-Prefix.pch";
			refType = 4;
			sourceTree = "<group>";
		};
//320
//321
//322
//323
//324
//4A0
//4A1
//4A2
//4A3
//4A4
		4A9504CCFFE6A4B311CA0CBA = {
			buildSettings = {
				COPY_PHASE_STRIP = NO;
				GCC_DYNAMIC_NO_PIC = NO;
				GCC_ENABLE_FIX_AND_CONTINUE = YES;
				GCC_GENERATE_DEBUGGING_SYMBOLS = YES;
				GCC_OPTIMIZATION_LEVEL = 0;
				ZERO_LINK = YES;
			};
			isa = PBXBuildStyle;
			name = Development;
		};
		4A9504CDFFE6A4B311CA0CBA = {
			buildSettings = {
				COPY_PHASE_STRIP = YES;
				GCC_ENABLE_FIX_AND_CONTINUE = NO;
				ZERO_LINK = NO;
			};
			isa = PBXBuildStyle;
			name = Deployment;
		};
//4A0
//4A1
//4A2
//4A3
//4A4
//7E0
//7E1
//7E2
//7E3
//7E4
		7E20A8A60748474E00D1A5BF = {
			fileEncoding = 4;
			isa = PBXFileReference;
			lastKnownFileType = sourcecode.c.h;
			path = MUAnsiRemovingFilter.h;
			refType = 4;
			sourceTree = "<group>";
		};
		7E20A8A70748474E00D1A5BF = {
			fileEncoding = 4;
			isa = PBXFileReference;
			lastKnownFileType = sourcecode.c.objc;
			path = MUAnsiRemovingFilter.m;
			refType = 4;
			sourceTree = "<group>";
		};
		7E20A8A80748474E00D1A5BF = {
			fileRef = 7E20A8A60748474E00D1A5BF;
			isa = PBXBuildFile;
			settings = {
			};
		};
		7E20A8A90748474E00D1A5BF = {
			fileRef = 7E20A8A70748474E00D1A5BF;
			isa = PBXBuildFile;
			settings = {
			};
		};
		7E20A8AB0748474E00D1A5BF = {
			fileRef = 7E20A8A70748474E00D1A5BF;
			isa = PBXBuildFile;
			settings = {
			};
		};
		7E20A8E907486C1300D1A5BF = {
			fileEncoding = 30;
			isa = PBXFileReference;
			lastKnownFileType = sourcecode.c.h;
			name = MUAnsiRemovingFilterTests.h;
			path = tests/MUAnsiRemovingFilterTests.h;
			refType = 2;
			sourceTree = SOURCE_ROOT;
		};
		7E20A8EA07486C1300D1A5BF = {
			fileRef = 7E20A8E907486C1300D1A5BF;
			isa = PBXBuildFile;
			settings = {
			};
		};
		7E20A8EB07486C2500D1A5BF = {
			fileEncoding = 30;
			isa = PBXFileReference;
			lastKnownFileType = sourcecode.c.objc;
			name = MUAnsiRemovingFilterTests.m;
			path = tests/MUAnsiRemovingFilterTests.m;
			refType = 2;
			sourceTree = SOURCE_ROOT;
		};
		7E20A8EC07486C2500D1A5BF = {
			fileRef = 7E20A8EB07486C2500D1A5BF;
			isa = PBXBuildFile;
			settings = {
			};
		};
		7E5E161806CC30E200518E61 = {
			fileEncoding = 4;
			isa = PBXFileReference;
			lastKnownFileType = sourcecode.c.h;
			path = MUTelnetConnection.h;
			refType = 4;
			sourceTree = "<group>";
		};
		7E5E161906CC30E200518E61 = {
			fileEncoding = 4;
			isa = PBXFileReference;
			lastKnownFileType = sourcecode.c.objc;
			path = MUTelnetConnection.m;
			refType = 4;
			sourceTree = "<group>";
		};
		7E5E161A06CC30E200518E61 = {
			fileRef = 7E5E161806CC30E200518E61;
			isa = PBXBuildFile;
			settings = {
			};
		};
		7E5E161B06CC30E200518E61 = {
			fileRef = 7E5E161906CC30E200518E61;
			isa = PBXBuildFile;
			settings = {
			};
		};
		7E5E161D06CC30E200518E61 = {
			fileRef = 7E5E161906CC30E200518E61;
			isa = PBXBuildFile;
			settings = {
			};
		};
		7EA9674706FA80B700D57864 = {
			fileEncoding = 4;
			isa = PBXFileReference;
			lastKnownFileType = sourcecode.c.h;
			path = MUTelnetConnectionTests.h;
			refType = 4;
			sourceTree = "<group>";
		};
		7EA9674806FA80B700D57864 = {
			fileEncoding = 4;
			isa = PBXFileReference;
			lastKnownFileType = sourcecode.c.objc;
			path = MUTelnetConnectionTests.m;
			refType = 4;
			sourceTree = "<group>";
		};
		7EA9674906FA80B700D57864 = {
			fileRef = 7EA9674706FA80B700D57864;
			isa = PBXBuildFile;
			settings = {
			};
		};
		7EA9674A06FA80B700D57864 = {
			fileRef = 7EA9674806FA80B700D57864;
			isa = PBXBuildFile;
			settings = {
			};
		};
		7EFE43820749C7CE002C7D48 = {
			fileEncoding = 30;
			isa = PBXFileReference;
			lastKnownFileType = sourcecode.c.h;
			path = MUFilter.h;
			refType = 4;
			sourceTree = "<group>";
		};
		7EFE43830749C7CE002C7D48 = {
			fileEncoding = 30;
			isa = PBXFileReference;
			lastKnownFileType = sourcecode.c.objc;
			path = MUFilter.m;
			refType = 4;
			sourceTree = "<group>";
		};
		7EFE43840749C7CE002C7D48 = {
			fileRef = 7EFE43820749C7CE002C7D48;
			isa = PBXBuildFile;
			settings = {
			};
		};
		7EFE43850749C7CE002C7D48 = {
			fileRef = 7EFE43830749C7CE002C7D48;
			isa = PBXBuildFile;
			settings = {
			};
		};
		7EFE43860749C7CE002C7D48 = {
			fileRef = 7EFE43820749C7CE002C7D48;
			isa = PBXBuildFile;
			settings = {
			};
		};
		7EFE43870749C7CE002C7D48 = {
			fileRef = 7EFE43830749C7CE002C7D48;
			isa = PBXBuildFile;
			settings = {
			};
		};
		7EFE43B10749CB16002C7D48 = {
			fileEncoding = 30;
			isa = PBXFileReference;
			lastKnownFileType = sourcecode.c.h;
			name = MUFilterTests.h;
			path = tests/MUFilterTests.h;
			refType = 2;
			sourceTree = SOURCE_ROOT;
		};
		7EFE43B20749CB16002C7D48 = {
			fileEncoding = 30;
			isa = PBXFileReference;
			lastKnownFileType = sourcecode.c.objc;
			name = MUFilterTests.m;
			path = tests/MUFilterTests.m;
			refType = 2;
			sourceTree = SOURCE_ROOT;
		};
		7EFE43B30749CB16002C7D48 = {
			fileRef = 7EFE43B10749CB16002C7D48;
			isa = PBXBuildFile;
			settings = {
			};
		};
		7EFE43B40749CB16002C7D48 = {
			fileRef = 7EFE43B20749CB16002C7D48;
			isa = PBXBuildFile;
			settings = {
			};
		};
//7E0
//7E1
//7E2
//7E3
//7E4
//8D0
//8D1
//8D2
//8D3
//8D4
		8D1107260486CEB800E47090 = {
			buildPhases = (
				8D1107290486CEB800E47090,
				8D11072C0486CEB800E47090,
				8D11072E0486CEB800E47090,
				E622A48707422DB90069335B,
			);
			buildRules = (
			);
			buildSettings = {
				GCC_GENERATE_DEBUGGING_SYMBOLS = NO;
				GCC_PRECOMPILE_PREFIX_HEADER = YES;
				GCC_PREFIX_HEADER = "source/Koan-Prefix.pch";
				HEADER_SEARCH_PATHS = "./source ./filters";
				INFOPLIST_FILE = resources/Info.plist;
				INSTALL_PATH = "$(HOME)/Applications";
				PREBINDING = YES;
				PRODUCT_NAME = Koan;
				WRAPPER_EXTENSION = app;
			};
			dependencies = (
				E622A879074248640069335B,
				E622A49707422E0E0069335B,
			);
			isa = PBXNativeTarget;
			name = Koan;
			productInstallPath = "$(HOME)/Applications";
			productName = Koan;
			productReference = 8D1107320486CEB800E47090;
			productType = "com.apple.product-type.application";
		};
		8D1107290486CEB800E47090 = {
			buildActionMask = 2147483647;
			files = (
				E6B5E3B306A6EE8400F53EBB,
				E6B5E3B906A6EEA600F53EBB,
				E6B5E61206A73B0A00F53EBB,
				E6E46D7F06F803ED002809F0,
				E62C909F07422669005662BC,
				7EFE43860749C7CE002C7D48,
			);
			isa = PBXResourcesBuildPhase;
			runOnlyForDeploymentPostprocessing = 0;
		};
		8D11072C0486CEB800E47090 = {
			buildActionMask = 2147483647;
			files = (
				8D11072D0486CEB800E47090,
				7E5E161D06CC30E200518E61,
				E6E46D6006F8026E002809F0,
				E670A84207420FDF00E2DAEB,
				E62C8FBE07421D83005662BC,
				E62C905D07422595005662BC,
				E622A553074231A60069335B,
				7E20A8AB0748474E00D1A5BF,
				E6055F7F07492729007A13BD,
				E6E7A62807496940007005AC,
				E6E7A6350749697C007005AC,
				7EFE43870749C7CE002C7D48,
			);
			isa = PBXSourcesBuildPhase;
			runOnlyForDeploymentPostprocessing = 0;
		};
		8D11072D0486CEB800E47090 = {
			fileRef = 29B97316FDCFA39411CA2CEA;
			isa = PBXBuildFile;
			settings = {
				ATTRIBUTES = (
				);
			};
		};
		8D11072E0486CEB800E47090 = {
			buildActionMask = 2147483647;
			files = (
				8D11072F0486CEB800E47090,
			);
			isa = PBXFrameworksBuildPhase;
			runOnlyForDeploymentPostprocessing = 0;
		};
		8D11072F0486CEB800E47090 = {
			fileRef = 1058C7A1FEA54F0111CA2CBB;
			isa = PBXBuildFile;
			settings = {
			};
		};
		8D1107310486CEB800E47090 = {
			fileEncoding = 4;
			isa = PBXFileReference;
			lastKnownFileType = text.plist;
			path = Info.plist;
			refType = 4;
			sourceTree = "<group>";
		};
		8D1107320486CEB800E47090 = {
			explicitFileType = wrapper.application;
			includeInIndex = 0;
			isa = PBXFileReference;
			path = Koan.app;
			refType = 3;
			sourceTree = BUILT_PRODUCTS_DIR;
		};
//8D0
//8D1
//8D2
//8D3
//8D4
//E60
//E61
//E62
//E63
//E64
		E6055F7C07492729007A13BD = {
			fileEncoding = 4;
			isa = PBXFileReference;
			lastKnownFileType = sourcecode.c.h;
			path = "NSAttributedString (Allocating).h";
			refType = 4;
			sourceTree = "<group>";
		};
		E6055F7D07492729007A13BD = {
			fileEncoding = 4;
			isa = PBXFileReference;
			lastKnownFileType = sourcecode.c.objc;
			path = "NSAttributedString (Allocating).m";
			refType = 4;
			sourceTree = "<group>";
		};
		E6055F7F07492729007A13BD = {
			fileRef = E6055F7D07492729007A13BD;
			isa = PBXBuildFile;
			settings = {
			};
		};
		E6055FB6074929F3007A13BD = {
			fileEncoding = 4;
			isa = PBXFileReference;
			lastKnownFileType = sourcecode.c.h;
			path = "Koan-Tests-Prefix.pch";
			refType = 4;
			sourceTree = "<group>";
		};
		E6055FCF07492AA1007A13BD = {
			fileRef = E6055F7D07492729007A13BD;
			isa = PBXBuildFile;
			settings = {
			};
		};
		E61962E50742283D008B6447 = {
			children = (
				E622A43307422CE60069335B,
				E622A3D607422BA10069335B,
				E622A3D707422BA10069335B,
				E622A46707422D510069335B,
				E61963030742288B008B6447,
			);
			isa = PBXGroup;
			path = Logging;
			refType = 4;
			sourceTree = "<group>";
		};
		E61962FE0742288B008B6447 = {
			buildActionMask = 2147483647;
			files = (
				E622A43607422CE60069335B,
				E622A47B07422D840069335B,
				E622A6B2074235CD0069335B,
			);
			isa = PBXResourcesBuildPhase;
			runOnlyForDeploymentPostprocessing = 0;
		};
		E61962FF0742288B008B6447 = {
			buildActionMask = 2147483647;
			files = (
				E622A5DD074233590069335B,
				E622A49207422DFC0069335B,
			);
			isa = PBXSourcesBuildPhase;
			runOnlyForDeploymentPostprocessing = 0;
		};
		E61963000742288B008B6447 = {
			buildActionMask = 2147483647;
			files = (
				E622A47F07422DA80069335B,
			);
			isa = PBXFrameworksBuildPhase;
			runOnlyForDeploymentPostprocessing = 0;
		};
		E61963010742288B008B6447 = {
			buildPhases = (
				E61962FE0742288B008B6447,
				E61962FF0742288B008B6447,
				E61963000742288B008B6447,
			);
			buildRules = (
			);
			buildSettings = {
				GCC_GENERATE_DEBUGGING_SYMBOLS = NO;
				GCC_MODEL_TUNING = G5;
				GCC_PRECOMPILE_PREFIX_HEADER = YES;
				GCC_PREFIX_HEADER = "$(SYSTEM_LIBRARY_DIR)/Frameworks/AppKit.framework/Headers/AppKit.h";
				HEADER_SEARCH_PATHS = ./source;
				INFOPLIST_FILE = preferencepanes/Logging/Info.plist;
				INSTALL_PATH = "$(USER_LIBRARY_DIR)/Bundles";
				LIBRARY_STYLE = BUNDLE;
				OTHER_CFLAGS = "";
				OTHER_LDFLAGS = "-framework Foundation -framework AppKit";
				OTHER_REZFLAGS = "";
				PREBINDING = NO;
				PRODUCT_NAME = Logging;
				SECTORDER_FLAGS = "";
				WARNING_CFLAGS = "-Wmost -Wno-four-char-constants -Wno-unknown-pragmas";
				WRAPPER_EXTENSION = preferencePane;
			};
			dependencies = (
			);
			isa = PBXNativeTarget;
			name = "Logging Preference Pane";
			productName = "Logging Preference Pane";
			productReference = E61963020742288B008B6447;
			productSettingsXML = "<?xml version=\"1.0\" encoding=\"UTF-8\"?>
<!DOCTYPE plist PUBLIC \"-//Apple Computer//DTD PLIST 1.0//EN\" \"http://www.apple.com/DTDs/PropertyList-1.0.dtd\">
<plist version=\"1.0\">
<dict>
	<key>CFBundleDevelopmentRegion</key>
	<string>English</string>
	<key>CFBundleExecutable</key>
	<string>Logging Preference Pane</string>
	<key>CFBundleIdentifier</key>
	<string>com.yourcompany.Logging_Preference_Pane</string>
	<key>CFBundleInfoDictionaryVersion</key>
	<string>6.0</string>
	<key>CFBundlePackageType</key>
	<string>APPL</string>
	<key>CFBundleSignature</key>
	<string>????</string>
	<key>CFBundleVersion</key>
	<string>1.0</string>
</dict>
</plist>
";
			productType = "com.apple.product-type.bundle";
		};
		E61963020742288B008B6447 = {
			explicitFileType = wrapper.cfbundle;
			includeInIndex = 0;
			isa = PBXFileReference;
			path = Logging.preferencePane;
			refType = 3;
			sourceTree = BUILT_PRODUCTS_DIR;
		};
		E61963030742288B008B6447 = {
			isa = PBXFileReference;
			lastKnownFileType = text.xml;
			path = Info.plist;
			refType = 4;
			sourceTree = "<group>";
		};
		E62040F606B054E400236608 = {
			buildActionMask = 2147483647;
			files = (
				7E5E161A06CC30E200518E61,
				E62041AA06B0566B00236608,
				7EA9674906FA80B700D57864,
				7E20A8A80748474E00D1A5BF,
				7E20A8EA07486C1300D1A5BF,
				7EFE43840749C7CE002C7D48,
				7EFE43B30749CB16002C7D48,
			);
			isa = PBXHeadersBuildPhase;
			runOnlyForDeploymentPostprocessing = 0;
		};
		E62040F706B054E400236608 = {
			buildActionMask = 2147483647;
			files = (
				E6055FCF07492AA1007A13BD,
				E6E7A6F6074971FF007005AC,
				E6E7A6F7074971FF007005AC,
				E62041AB06B0566B00236608,
				E6A0F572074AD9DC00A99066,
				7E5E161B06CC30E200518E61,
				E6E7A72A07497275007005AC,
				7EA9674A06FA80B700D57864,
				7E20A8A90748474E00D1A5BF,
				7E20A8EC07486C2500D1A5BF,
				7EFE43850749C7CE002C7D48,
				7EFE43B40749CB16002C7D48,
			);
			isa = PBXSourcesBuildPhase;
			runOnlyForDeploymentPostprocessing = 0;
		};
		E62040F806B054E400236608 = {
			buildActionMask = 2147483647;
			files = (
				E620418406B0555C00236608,
				E620410B06B0551D00236608,
			);
			isa = PBXFrameworksBuildPhase;
			runOnlyForDeploymentPostprocessing = 0;
		};
		E62040F906B054E400236608 = {
			buildActionMask = 2147483647;
			files = (
			);
			isa = PBXRezBuildPhase;
			runOnlyForDeploymentPostprocessing = 0;
		};
		E62040FA06B054E400236608 = {
			buildPhases = (
				E62040F606B054E400236608,
				E62040F706B054E400236608,
				E62040F806B054E400236608,
				E62040F906B054E400236608,
			);
			buildSettings = {
				HEADER_SEARCH_PATHS = filters;
				OTHER_CFLAGS = "";
				OTHER_LDFLAGS = "";
				OTHER_REZFLAGS = "";
				PREBINDING = NO;
				PRECOMPILE_PREFIX_HEADER = YES;
				PREFIX_HEADER = "tests/Koan-Tests-Prefix.pch";
				PRODUCT_NAME = "Test Suite";
				REZ_EXECUTABLE = YES;
				SECTORDER_FLAGS = "";
				WARNING_CFLAGS = "-Wmost -Wno-four-char-constants -Wno-unknown-pragmas";
			};
			dependencies = (
			);
			isa = PBXToolTarget;
			name = "Test Suite";
			productInstallPath = /usr/local/bin;
			productName = "Test Suite";
			productReference = E62040FB06B054E400236608;
		};
		E62040FB06B054E400236608 = {
			explicitFileType = "compiled.mach-o.executable";
			includeInIndex = 0;
			isa = PBXFileReference;
			path = "Test Suite";
			refType = 3;
			sourceTree = BUILT_PRODUCTS_DIR;
		};
		E620410A06B0551D00236608 = {
			isa = PBXFileReference;
			lastKnownFileType = wrapper.framework;
			name = ObjcUnit.framework;
			path = /Library/Frameworks/ObjcUnit.framework;
			refType = 0;
			sourceTree = "<absolute>";
		};
		E620410B06B0551D00236608 = {
			fileRef = E620410A06B0551D00236608;
			isa = PBXBuildFile;
			settings = {
			};
		};
		E620418406B0555C00236608 = {
			fileRef = 1058C7A1FEA54F0111CA2CBB;
			isa = PBXBuildFile;
			settings = {
			};
		};
		E62041A806B0566B00236608 = {
			fileEncoding = 4;
			isa = PBXFileReference;
			lastKnownFileType = sourcecode.c.h;
			path = MUTests.h;
			refType = 4;
			sourceTree = "<group>";
		};
		E62041A906B0566B00236608 = {
			fileEncoding = 4;
			isa = PBXFileReference;
			lastKnownFileType = sourcecode.c.objc;
			path = MUTests.m;
			refType = 4;
			sourceTree = "<group>";
		};
		E62041AA06B0566B00236608 = {
			fileRef = E62041A806B0566B00236608;
			isa = PBXBuildFile;
			settings = {
			};
		};
		E62041AB06B0566B00236608 = {
			fileRef = E62041A906B0566B00236608;
			isa = PBXBuildFile;
			settings = {
			};
		};
		E622A3CA07422B650069335B = {
			fileEncoding = 4;
			isa = PBXFileReference;
			lastKnownFileType = text.plist.strings;
			name = InfoPlist.strings;
			path = English.lproj/InfoPlist.strings;
			refType = 4;
			sourceTree = "<group>";
		};
		E622A3D607422BA10069335B = {
			fileEncoding = 4;
			isa = PBXFileReference;
			lastKnownFileType = sourcecode.c.h;
			path = MULoggingPaneController.h;
			refType = 4;
			sourceTree = "<group>";
		};
		E622A3D707422BA10069335B = {
			fileEncoding = 4;
			isa = PBXFileReference;
			lastKnownFileType = sourcecode.c.objc;
			path = MULoggingPaneController.m;
			refType = 4;
			sourceTree = "<group>";
		};
		E622A42107422CD30069335B = {
			isa = PBXFileReference;
			lastKnownFileType = wrapper.nib;
			name = MULoggingPane.nib;
			path = English.lproj/MULoggingPane.nib;
			refType = 4;
			sourceTree = "<group>";
		};
		E622A43307422CE60069335B = {
			children = (
				E622A42107422CD30069335B,
			);
			isa = PBXVariantGroup;
			name = MULoggingPane.nib;
			refType = 4;
			sourceTree = "<group>";
		};
		E622A43607422CE60069335B = {
			fileRef = E622A43307422CE60069335B;
			isa = PBXBuildFile;
			settings = {
			};
		};
		E622A46707422D510069335B = {
			children = (
				E622A3CA07422B650069335B,
			);
			isa = PBXVariantGroup;
			name = InfoPlist.strings;
			refType = 4;
			sourceTree = "<group>";
		};
		E622A47B07422D840069335B = {
			fileRef = E622A46707422D510069335B;
			isa = PBXBuildFile;
			settings = {
			};
		};
		E622A47F07422DA80069335B = {
			fileRef = 1058C7A1FEA54F0111CA2CBB;
			isa = PBXBuildFile;
			settings = {
			};
		};
		E622A48707422DB90069335B = {
			buildActionMask = 2147483647;
			dstPath = "";
			dstSubfolderSpec = 7;
			files = (
				E622A87C074248820069335B,
				E622A48807422DCF0069335B,
				E622A915074249180069335B,
			);
			isa = PBXCopyFilesBuildPhase;
			runOnlyForDeploymentPostprocessing = 0;
		};
		E622A48807422DCF0069335B = {
			fileRef = E61963020742288B008B6447;
			isa = PBXBuildFile;
			settings = {
			};
		};
		E622A49207422DFC0069335B = {
			fileRef = E622A3D707422BA10069335B;
			isa = PBXBuildFile;
			settings = {
			};
		};
		E622A49607422E0E0069335B = {
			containerPortal = 29B97313FDCFA39411CA2CEA;
			isa = PBXContainerItemProxy;
			proxyType = 1;
			remoteGlobalIDString = E61963010742288B008B6447;
			remoteInfo = "Logging Preference Pane";
		};
		E622A49707422E0E0069335B = {
			isa = PBXTargetDependency;
			target = E61963010742288B008B6447;
			targetProxy = E622A49607422E0E0069335B;
		};
		E622A550074231A60069335B = {
			fileEncoding = 4;
			isa = PBXFileReference;
			lastKnownFileType = sourcecode.c.h;
			name = MUConstants.h;
			path = Source/MUConstants.h;
			refType = 2;
			sourceTree = SOURCE_ROOT;
		};
		E622A551074231A60069335B = {
			fileEncoding = 4;
			isa = PBXFileReference;
			lastKnownFileType = sourcecode.c.objc;
			name = MUConstants.m;
			path = Source/MUConstants.m;
			refType = 2;
			sourceTree = SOURCE_ROOT;
		};
		E622A553074231A60069335B = {
			fileRef = E622A551074231A60069335B;
			isa = PBXBuildFile;
			settings = {
			};
		};
		E622A5DD074233590069335B = {
			fileRef = E622A551074231A60069335B;
			isa = PBXBuildFile;
			settings = {
			};
		};
		E622A6B2074235CD0069335B = {
			fileRef = E62C909E07422669005662BC;
			isa = PBXBuildFile;
			settings = {
			};
		};
		E622A839074247B50069335B = {
			children = (
				E622A99607424A200069335B,
				E622A903074249180069335B,
				E622A90C074249180069335B,
				E622A8BD074248F40069335B,
				E622A849074247E20069335B,
			);
			isa = PBXGroup;
			path = Connections;
			refType = 4;
			sourceTree = "<group>";
		};
		E622A842074247E20069335B = {
			buildActionMask = 2147483647;
			files = (
				E622A99A07424A200069335B,
				E622A940074249D10069335B,
				E622A93D074249CC0069335B,
			);
			isa = PBXResourcesBuildPhase;
			runOnlyForDeploymentPostprocessing = 0;
		};
		E622A843074247E20069335B = {
			buildActionMask = 2147483647;
			files = (
				E622A94D074249DC0069335B,
				E622A950074249E50069335B,
			);
			isa = PBXSourcesBuildPhase;
			runOnlyForDeploymentPostprocessing = 0;
		};
		E622A844074247E20069335B = {
			buildActionMask = 2147483647;
			files = (
				E622A955074249EE0069335B,
			);
			isa = PBXFrameworksBuildPhase;
			runOnlyForDeploymentPostprocessing = 0;
		};
		E622A845074247E20069335B = {
			buildPhases = (
				E622A842074247E20069335B,
				E622A843074247E20069335B,
				E622A844074247E20069335B,
			);
			buildRules = (
			);
			buildSettings = {
				GCC_GENERATE_DEBUGGING_SYMBOLS = NO;
				GCC_MODEL_TUNING = G5;
				GCC_PRECOMPILE_PREFIX_HEADER = YES;
				GCC_PREFIX_HEADER = "$(SYSTEM_LIBRARY_DIR)/Frameworks/AppKit.framework/Headers/AppKit.h";
				HEADER_SEARCH_PATHS = ./source;
				INFOPLIST_FILE = preferencepanes/Connections/Info.plist;
				INSTALL_PATH = "$(USER_LIBRARY_DIR)/Bundles";
				LIBRARY_STYLE = BUNDLE;
				OTHER_CFLAGS = "";
				OTHER_LDFLAGS = "-framework Foundation -framework AppKit";
				OTHER_REZFLAGS = "";
				PREBINDING = NO;
				PRODUCT_NAME = Connections;
				SECTORDER_FLAGS = "";
				WARNING_CFLAGS = "-Wmost -Wno-four-char-constants -Wno-unknown-pragmas";
				WRAPPER_EXTENSION = preferencePane;
			};
			dependencies = (
			);
			isa = PBXNativeTarget;
			name = "Connections Preference Pane";
			productName = Connections;
			productReference = E622A846074247E20069335B;
			productSettingsXML = "<?xml version=\"1.0\" encoding=\"UTF-8\"?>
<!DOCTYPE plist PUBLIC \"-//Apple Computer//DTD PLIST 1.0//EN\" \"http://www.apple.com/DTDs/PropertyList-1.0.dtd\">
<plist version=\"1.0\">
<dict>
	<key>CFBundleDevelopmentRegion</key>
	<string>English</string>
	<key>CFBundleExecutable</key>
	<string>Connections</string>
	<key>CFBundleIdentifier</key>
	<string>com.yourcompany.Connections</string>
	<key>CFBundleInfoDictionaryVersion</key>
	<string>6.0</string>
	<key>CFBundlePackageType</key>
	<string>APPL</string>
	<key>CFBundleSignature</key>
	<string>????</string>
	<key>CFBundleVersion</key>
	<string>1.0</string>
</dict>
</plist>
";
			productType = "com.apple.product-type.bundle";
		};
		E622A846074247E20069335B = {
			explicitFileType = wrapper.cfbundle;
			includeInIndex = 0;
			isa = PBXFileReference;
			path = Connections.preferencePane;
			refType = 3;
			sourceTree = BUILT_PRODUCTS_DIR;
		};
		E622A849074247E20069335B = {
			isa = PBXFileReference;
			lastKnownFileType = text.xml;
			path = Info.plist;
			refType = 4;
			sourceTree = "<group>";
		};
		E622A878074248640069335B = {
			containerPortal = 29B97313FDCFA39411CA2CEA;
			isa = PBXContainerItemProxy;
			proxyType = 1;
			remoteGlobalIDString = E622A845074247E20069335B;
			remoteInfo = "Connections Preference Pane";
		};
		E622A879074248640069335B = {
			isa = PBXTargetDependency;
			target = E622A845074247E20069335B;
			targetProxy = E622A878074248640069335B;
		};
		E622A87C074248820069335B = {
			fileRef = E622A846074247E20069335B;
			isa = PBXBuildFile;
			settings = {
			};
		};
		E622A8AD074248E50069335B = {
			fileEncoding = 4;
			isa = PBXFileReference;
			lastKnownFileType = text.plist.strings;
			name = English;
			path = preferencepanes/Connections/English.lproj/InfoPlist.strings;
			refType = 2;
			sourceTree = SOURCE_ROOT;
		};
		E622A8BD074248F40069335B = {
			children = (
				E622A8AD074248E50069335B,
			);
			isa = PBXVariantGroup;
			name = InfoPlist.strings;
			refType = 4;
			sourceTree = "<group>";
		};
		E622A903074249180069335B = {
			fileEncoding = 4;
			isa = PBXFileReference;
			lastKnownFileType = sourcecode.c.h;
			name = MUConnectionsPaneController.h;
			path = preferencepanes/Connections/MUConnectionsPaneController.h;
			refType = 2;
			sourceTree = SOURCE_ROOT;
		};
		E622A90C074249180069335B = {
			fileEncoding = 4;
			isa = PBXFileReference;
			lastKnownFileType = sourcecode.c.objc;
			name = MUConnectionsPaneController.m;
			path = preferencepanes/Connections/MUConnectionsPaneController.m;
			refType = 2;
			sourceTree = SOURCE_ROOT;
		};
		E622A915074249180069335B = {
			fileRef = E622A903074249180069335B;
			isa = PBXBuildFile;
			settings = {
			};
		};
		E622A93D074249CC0069335B = {
			fileRef = E62C909E07422669005662BC;
			isa = PBXBuildFile;
			settings = {
			};
		};
		E622A940074249D10069335B = {
			fileRef = E622A8BD074248F40069335B;
			isa = PBXBuildFile;
			settings = {
			};
		};
		E622A94D074249DC0069335B = {
			fileRef = E622A551074231A60069335B;
			isa = PBXBuildFile;
			settings = {
			};
		};
		E622A950074249E50069335B = {
			fileRef = E622A90C074249180069335B;
			isa = PBXBuildFile;
			settings = {
			};
		};
		E622A955074249EE0069335B = {
			fileRef = 1058C7A1FEA54F0111CA2CBB;
			isa = PBXBuildFile;
			settings = {
			};
		};
		E622A97907424A100069335B = {
			isa = PBXFileReference;
			lastKnownFileType = wrapper.nib;
			name = English;
			path = preferencepanes/Connections/English.lproj/MUConnectionsPane.nib;
			refType = 2;
			sourceTree = SOURCE_ROOT;
		};
		E622A99607424A200069335B = {
			children = (
				E622A97907424A100069335B,
			);
			isa = PBXVariantGroup;
			name = MUConnectionsPane.nib;
			refType = 4;
			sourceTree = "<group>";
		};
		E622A99A07424A200069335B = {
			fileRef = E622A99607424A200069335B;
			isa = PBXBuildFile;
			settings = {
			};
		};
		E62C8FBB07421D83005662BC = {
			fileEncoding = 4;
			isa = PBXFileReference;
			lastKnownFileType = sourcecode.c.h;
			name = MUToolbarController.h;
			path = source/controllers/MUToolbarController.h;
			refType = 2;
			sourceTree = SOURCE_ROOT;
		};
		E62C8FBC07421D83005662BC = {
			fileEncoding = 4;
			isa = PBXFileReference;
			lastKnownFileType = sourcecode.c.objc;
			name = MUToolbarController.m;
			path = source/controllers/MUToolbarController.m;
			refType = 2;
			sourceTree = SOURCE_ROOT;
		};
		E62C8FBE07421D83005662BC = {
			fileRef = E62C8FBC07421D83005662BC;
			isa = PBXBuildFile;
			settings = {
			};
		};
		E62C905A07422595005662BC = {
			fileEncoding = 4;
			isa = PBXFileReference;
			lastKnownFileType = sourcecode.c.h;
			name = MUApplicationController.h;
			path = source/controllers/MUApplicationController.h;
			refType = 2;
			sourceTree = SOURCE_ROOT;
		};
		E62C905B07422595005662BC = {
			fileEncoding = 4;
			isa = PBXFileReference;
			lastKnownFileType = sourcecode.c.objc;
			name = MUApplicationController.m;
			path = source/controllers/MUApplicationController.m;
			refType = 2;
			sourceTree = SOURCE_ROOT;
		};
		E62C905D07422595005662BC = {
			fileRef = E62C905B07422595005662BC;
			isa = PBXBuildFile;
			settings = {
			};
		};
		E62C909A0742265F005662BC = {
			fileEncoding = 4;
			isa = PBXFileReference;
			lastKnownFileType = text.plist.strings;
			name = English;
			path = Resources/English.lproj/Localizable.strings;
			refType = 2;
			sourceTree = SOURCE_ROOT;
		};
		E62C909E07422669005662BC = {
			children = (
				E62C909A0742265F005662BC,
			);
			isa = PBXVariantGroup;
			name = Localizable.strings;
			refType = 4;
			sourceTree = "<group>";
		};
		E62C909F07422669005662BC = {
			fileRef = E62C909E07422669005662BC;
			isa = PBXBuildFile;
			settings = {
			};
		};
		E62C90BA074226DA005662BC = {
			children = (
				E622A839074247B50069335B,
				E61962E50742283D008B6447,
			);
			isa = PBXGroup;
			name = "Preference Panes";
			path = preferencepanes;
			refType = 2;
			sourceTree = SOURCE_ROOT;
		};
		E648B8E906B03FBC0070F73E = {
			isa = PBXFileReference;
			lastKnownFileType = text.xml;
			name = "Tests-Info.plist";
			path = "tests/Tests-Info.plist";
			refType = 2;
			sourceTree = SOURCE_ROOT;
		};
		E670A81207420F8C00E2DAEB = {
			children = (
				E62C905A07422595005662BC,
				E62C8FBB07421D83005662BC,
				E670A83F07420FDF00E2DAEB,
				E62C905B07422595005662BC,
				E62C8FBC07421D83005662BC,
				E670A84007420FDF00E2DAEB,
			);
			isa = PBXGroup;
			name = Controllers;
			path = source/controllers;
			refType = 2;
			sourceTree = SOURCE_ROOT;
		};
		E670A83F07420FDF00E2DAEB = {
			fileEncoding = 4;
			isa = PBXFileReference;
			lastKnownFileType = sourcecode.c.h;
			name = MUMainWindowController.h;
			path = source/controllers/MUMainWindowController.h;
			refType = 2;
			sourceTree = SOURCE_ROOT;
		};
		E670A84007420FDF00E2DAEB = {
			fileEncoding = 4;
			isa = PBXFileReference;
			lastKnownFileType = sourcecode.c.objc;
			name = MUMainWindowController.m;
			path = source/controllers/MUMainWindowController.m;
			refType = 2;
			sourceTree = SOURCE_ROOT;
		};
		E670A84207420FDF00E2DAEB = {
			fileRef = E670A84007420FDF00E2DAEB;
			isa = PBXBuildFile;
			settings = {
			};
		};
		E6A0F572074AD9DC00A99066 = {
			fileRef = E6E7A6340749697C007005AC;
			isa = PBXBuildFile;
			settings = {
			};
		};
		E6B5E3AA06A6EE0C00F53EBB = {
			children = (
				E6B5E3B106A6EE8400F53EBB,
			);
			isa = PBXGroup;
			name = Nibs;
			path = resources/Nibs;
			refType = 2;
			sourceTree = SOURCE_ROOT;
		};
		E6B5E3B106A6EE8400F53EBB = {
			children = (
				E6B5E3B206A6EE8400F53EBB,
			);
			isa = PBXVariantGroup;
			name = MainMenu.nib;
			path = "";
			refType = 4;
			sourceTree = "<group>";
		};
		E6B5E3B206A6EE8400F53EBB = {
			isa = PBXFileReference;
			lastKnownFileType = wrapper.nib;
			name = English;
			path = English.lproj/MainMenu.nib;
			refType = 4;
			sourceTree = "<group>";
		};
		E6B5E3B306A6EE8400F53EBB = {
			fileRef = E6B5E3B106A6EE8400F53EBB;
			isa = PBXBuildFile;
			settings = {
			};
		};
		E6B5E3B706A6EEA600F53EBB = {
			children = (
				E6B5E3B806A6EEA600F53EBB,
			);
			isa = PBXVariantGroup;
			name = InfoPlist.strings;
			path = "";
			refType = 4;
			sourceTree = "<group>";
		};
		E6B5E3B806A6EEA600F53EBB = {
			fileEncoding = 30;
			isa = PBXFileReference;
			lastKnownFileType = text.plist.strings;
			name = English;
			path = English.lproj/InfoPlist.strings;
			refType = 4;
			sourceTree = "<group>";
		};
		E6B5E3B906A6EEA600F53EBB = {
			fileRef = E6B5E3B706A6EEA600F53EBB;
			isa = PBXBuildFile;
			settings = {
			};
		};
		E6B5E40A06A6F28400F53EBB = {
			children = (
				7E20A8E907486C1300D1A5BF,
				7EFE43B10749CB16002C7D48,
				E6E7A6CC074970FE007005AC,
				7EA9674706FA80B700D57864,
				E62041A806B0566B00236608,
				E6E7A63D0749698F007005AC,
				7E20A8EB07486C2500D1A5BF,
				7EFE43B20749CB16002C7D48,
				E6E7A6CD074970FE007005AC,
				7EA9674806FA80B700D57864,
				E62041A906B0566B00236608,
				E6E7A63E0749698F007005AC,
				E6055FB6074929F3007A13BD,
				E648B8E906B03FBC0070F73E,
			);
			isa = PBXGroup;
			path = Tests;
			refType = 2;
			sourceTree = SOURCE_ROOT;
		};
		E6B5E42906A6F36300F53EBB = {
			children = (
			);
			isa = PBXGroup;
			path = Documentation;
			refType = 2;
			sourceTree = SOURCE_ROOT;
		};
		E6B5E46B06A700E400F53EBB = {
			children = (
				7E5E161806CC30E200518E61,
				7E5E161906CC30E200518E61,
			);
			isa = PBXGroup;
			name = Connections;
			path = connections;
			refType = 4;
			sourceTree = "<group>";
		};
		E6B5E61106A73B0A00F53EBB = {
			fileEncoding = 30;
			isa = PBXFileReference;
			lastKnownFileType = text.xml;
			name = version.plist;
			path = resources/version.plist;
			refType = 2;
			sourceTree = SOURCE_ROOT;
		};
		E6B5E61206A73B0A00F53EBB = {
			fileRef = E6B5E61106A73B0A00F53EBB;
			isa = PBXBuildFile;
			settings = {
			};
		};
		E6D0A56C0745518A002DA041 = {
			children = (
				7E20A8A60748474E00D1A5BF,
				7EFE43820749C7CE002C7D48,
				E6E7A62E07496971007005AC,
				7E20A8A70748474E00D1A5BF,
				7EFE43830749C7CE002C7D48,
				E6E7A6340749697C007005AC,
			);
			isa = PBXGroup;
			name = Filters;
			path = filters;
			refType = 4;
			sourceTree = "<group>";
		};
		E6E46D5806F8024D002809F0 = {
			children = (
				E6E46D5B06F8026E002809F0,
				E6E46D5C06F8026E002809F0,
				E6E46D5D06F8026E002809F0,
			);
			isa = PBXGroup;
			path = SSPrefsController;
			refType = 4;
			sourceTree = "<group>";
		};
		E6E46D5B06F8026E002809F0 = {
			fileEncoding = 4;
			isa = PBXFileReference;
			lastKnownFileType = sourcecode.c.h;
			path = SSPreferencePaneProtocol.h;
			refType = 4;
			sourceTree = "<group>";
		};
		E6E46D5C06F8026E002809F0 = {
			fileEncoding = 4;
			isa = PBXFileReference;
			lastKnownFileType = sourcecode.c.h;
			path = SSPrefsController.h;
			refType = 4;
			sourceTree = "<group>";
		};
		E6E46D5D06F8026E002809F0 = {
			fileEncoding = 4;
			isa = PBXFileReference;
			lastKnownFileType = sourcecode.c.objc;
			path = SSPrefsController.m;
			refType = 4;
			sourceTree = "<group>";
		};
		E6E46D6006F8026E002809F0 = {
			fileRef = E6E46D5D06F8026E002809F0;
			isa = PBXBuildFile;
			settings = {
			};
		};
		E6E46D7E06F803ED002809F0 = {
			fileEncoding = 4;
			isa = PBXFileReference;
			lastKnownFileType = text.html;
			path = Credits.html;
			refType = 4;
			sourceTree = "<group>";
		};
		E6E46D7F06F803ED002809F0 = {
			fileRef = E6E46D7E06F803ED002809F0;
			isa = PBXBuildFile;
			settings = {
			};
		};
		E6E7A6210749693A007005AC = {
			fileEncoding = 4;
			isa = PBXFileReference;
			lastKnownFileType = sourcecode.c.h;
			name = MUHistoryRing.h;
			path = source/MUHistoryRing.h;
			refType = 2;
			sourceTree = SOURCE_ROOT;
		};
		E6E7A62707496940007005AC = {
			fileEncoding = 4;
			isa = PBXFileReference;
			lastKnownFileType = sourcecode.c.objc;
			name = MUHistoryRing.m;
			path = source/MUHistoryRing.m;
			refType = 2;
			sourceTree = SOURCE_ROOT;
		};
		E6E7A62807496940007005AC = {
			fileRef = E6E7A62707496940007005AC;
			isa = PBXBuildFile;
			settings = {
			};
		};
		E6E7A62E07496971007005AC = {
			fileEncoding = 4;
			isa = PBXFileReference;
			lastKnownFileType = sourcecode.c.h;
			name = MUTextLogFilter.h;
			path = filters/MUTextLogFilter.h;
			refType = 2;
			sourceTree = SOURCE_ROOT;
		};
		E6E7A6340749697C007005AC = {
			fileEncoding = 4;
			isa = PBXFileReference;
			lastKnownFileType = sourcecode.c.objc;
			path = MUTextLogFilter.m;
			refType = 4;
			sourceTree = "<group>";
		};
		E6E7A6350749697C007005AC = {
			fileRef = E6E7A6340749697C007005AC;
			isa = PBXBuildFile;
			settings = {
			};
		};
		E6E7A63D0749698F007005AC = {
			fileEncoding = 4;
			isa = PBXFileReference;
			lastKnownFileType = sourcecode.c.h;
			name = MUTextLogFilterTests.h;
			path = tests/MUTextLogFilterTests.h;
			refType = 2;
			sourceTree = SOURCE_ROOT;
		};
		E6E7A63E0749698F007005AC = {
			fileEncoding = 4;
			isa = PBXFileReference;
			lastKnownFileType = sourcecode.c.objc;
			name = MUTextLogFilterTests.m;
			path = tests/MUTextLogFilterTests.m;
			refType = 2;
			sourceTree = SOURCE_ROOT;
		};
		E6E7A6CC074970FE007005AC = {
			fileEncoding = 4;
			isa = PBXFileReference;
			lastKnownFileType = sourcecode.c.h;
			path = MUHistoryRingTests.h;
			refType = 4;
			sourceTree = "<group>";
		};
		E6E7A6CD074970FE007005AC = {
			fileEncoding = 4;
			isa = PBXFileReference;
			lastKnownFileType = sourcecode.c.objc;
			path = MUHistoryRingTests.m;
			refType = 4;
			sourceTree = "<group>";
		};
		E6E7A6F6074971FF007005AC = {
			fileRef = E6E7A63E0749698F007005AC;
			isa = PBXBuildFile;
			settings = {
			};
		};
		E6E7A6F7074971FF007005AC = {
			fileRef = E6E7A6CD074970FE007005AC;
			isa = PBXBuildFile;
			settings = {
			};
		};
		E6E7A72A07497275007005AC = {
			fileRef = E6E7A62707496940007005AC;
			isa = PBXBuildFile;
			settings = {
			};
		};
	};
	rootObject = 29B97313FDCFA39411CA2CEA;
}
