// !$*UTF8*$!
{
	archiveVersion = 1;
	classes = {
	};
	objectVersion = 39;
	objects = {
		1058C7A0FEA54F0111CA2CBB = {
			children = (
				E6505A31078203FC0016F30E,
				16D5FA06075434E4007C5F34,
				E6505D4507836DD00016F30E,
				1058C7A1FEA54F0111CA2CBB,
				E620410A06B0551D00236608,
			);
			isa = PBXGroup;
			name = "Linked Frameworks";
			refType = 4;
			sourceTree = "<group>";
		};
		1058C7A1FEA54F0111CA2CBB = {
			isa = PBXFileReference;
			lastKnownFileType = wrapper.framework;
			name = Cocoa.framework;
			path = /System/Library/Frameworks/Cocoa.framework;
			refType = 0;
			sourceTree = "<absolute>";
		};
		1058C7A2FEA54F0111CA2CBB = {
			children = (
				29B97325FDCFA39411CA2CEA,
				29B97324FDCFA39411CA2CEA,
			);
			isa = PBXGroup;
			name = "Other Frameworks";
			refType = 4;
			sourceTree = "<group>";
		};
//100
//101
//102
//103
//104
//160
//161
//162
//163
//164
		16D5FA06075434E4007C5F34 = {
			isa = PBXFileReference;
			lastKnownFileType = wrapper.framework;
			name = J3Terminal.framework;
			path = build/J3Terminal.framework;
			refType = 2;
			sourceTree = SOURCE_ROOT;
		};
		16D5FA07075434E4007C5F34 = {
			fileRef = 16D5FA06075434E4007C5F34;
			isa = PBXBuildFile;
			settings = {
			};
		};
		16D5FA0A075434F9007C5F34 = {
			buildActionMask = 2147483647;
			dstPath = "";
			dstSubfolderSpec = 10;
			files = (
				E6505DB007836EFD0016F30E,
				16D5FA0B07543500007C5F34,
				E6505DB107836F000016F30E,
			);
			isa = PBXCopyFilesBuildPhase;
			runOnlyForDeploymentPostprocessing = 0;
		};
		16D5FA0B07543500007C5F34 = {
			fileRef = 16D5FA06075434E4007C5F34;
			isa = PBXBuildFile;
			settings = {
			};
		};
		16D5FA5F075435C9007C5F34 = {
			buildActionMask = 2147483647;
			files = (
			);
			inputPaths = (
				"$(SOURCE_ROOT)/frameworks/J3Terminal.framework.tar.gz",
				"$(SOURCE_ROOT)/frameworks/AGRegex.framework.tar.gz",
				"$(SOURCE_ROOT)/frameworks/RBSplitView.framework.tar.gz",
			);
			isa = PBXShellScriptBuildPhase;
			outputPaths = (
				"$(SOURCE_ROOT)/build/J3Terminal.framework",
				"$(SOURCE_ROOT)/build/AGRegex.framework",
				"$(SOURCE_ROOT)/build/RBSplitView.framework",
			);
			runOnlyForDeploymentPostprocessing = 0;
			shellPath = /bin/sh;
			shellScript = "cd ${SOURCE_ROOT}/build\nfor name in `ls ${SOURCE_ROOT}/frameworks`; do\n\ttar zxvf ${SOURCE_ROOT}/frameworks/${name}\ndone\n";
		};
//160
//161
//162
//163
//164
//190
//191
//192
//193
//194
		19C28FACFE9D520D11CA2CBB = {
			children = (
				8D1107320486CEB800E47090,
				E62040FB06B054E400236608,
			);
			isa = PBXGroup;
			name = Products;
			refType = 4;
			sourceTree = "<group>";
		};
//190
//191
//192
//193
//194
//290
//291
//292
//293
//294
		29B97313FDCFA39411CA2CEA = {
			buildSettings = {
			};
			buildStyles = (
				4A9504CCFFE6A4B311CA0CBA,
				4A9504CDFFE6A4B311CA0CBA,
			);
			hasScannedForEncodings = 1;
			isa = PBXProject;
			mainGroup = 29B97314FDCFA39411CA2CEA;
			projectDirPath = "";
			targets = (
				8D1107260486CEB800E47090,
				E62040FA06B054E400236608,
				E659F6D00770D4DA00534D1B,
			);
		};
		29B97314FDCFA39411CA2CEA = {
			children = (
				29B97315FDCFA39411CA2CEA,
				E6D0A56C0745518A002DA041,
				E6B5E40A06A6F28400F53EBB,
				29B97317FDCFA39411CA2CEA,
				E6B5E42906A6F36300F53EBB,
				29B97323FDCFA39411CA2CEA,
				19C28FACFE9D520D11CA2CBB,
			);
			isa = PBXGroup;
			name = Koan;
			path = "";
			refType = 4;
			sourceTree = "<group>";
		};
		29B97315FDCFA39411CA2CEA = {
			children = (
				E6550EF307764C01002E81FF,
				E670A81207420F8C00E2DAEB,
				E6E7BF6C0788FE180065EDD6,
				E6E7BF500788FDA40065EDD6,
				E6E7BF540788FDED0065EDD6,
				E622A550074231A60069335B,
				7E1FC01A0787A2220070AF39,
				E6F3A71D077A1B270011A461,
				29B97316FDCFA39411CA2CEA,
				E622A551074231A60069335B,
				7E1FC01B0787A2220070AF39,
				E6F3A71E077A1B270011A461,
				32CA4F630368D1EE00C91783,
			);
			isa = PBXGroup;
			name = Source;
			path = source;
			refType = 2;
			sourceTree = SOURCE_ROOT;
		};
		29B97316FDCFA39411CA2CEA = {
			fileEncoding = 4;
			isa = PBXFileReference;
			lastKnownFileType = sourcecode.c.objc;
			path = Main.m;
			refType = 4;
			sourceTree = "<group>";
		};
		29B97317FDCFA39411CA2CEA = {
			children = (
				E6B5E3AA06A6EE0C00F53EBB,
				E65CE071075438F9003A796A,
				8D1107310486CEB800E47090,
				E6B5E3B706A6EEA600F53EBB,
				E62C909E07422669005662BC,
				E63B5EB40785460C003FDA45,
				E63B5EDB0785497C003FDA45,
				E6B5E61106A73B0A00F53EBB,
				E6C9D4E7077C0FA3007BB2C1,
				E6C9D4E8077C0FA3007BB2C1,
				E6C9D4E9077C0FA3007BB2C1,
				E6C9D4EA077C0FA3007BB2C1,
				E6C9D448077BF6B5007BB2C1,
				E6C9D449077BF6B5007BB2C1,
				E6C9D44A077BF6B5007BB2C1,
				E6C9D44B077BF6B5007BB2C1,
				E6C9D44C077BF6B5007BB2C1,
				E6C9D44D077BF6B5007BB2C1,
				E6E7BF0D07867F080065EDD6,
			);
			isa = PBXGroup;
			name = Resources;
			path = resources;
			refType = 2;
			sourceTree = SOURCE_ROOT;
		};
		29B97323FDCFA39411CA2CEA = {
			children = (
				1058C7A0FEA54F0111CA2CBB,
				1058C7A2FEA54F0111CA2CBB,
			);
			isa = PBXGroup;
			name = Frameworks;
			path = frameworks;
			refType = 2;
			sourceTree = SOURCE_ROOT;
		};
		29B97324FDCFA39411CA2CEA = {
			isa = PBXFileReference;
			lastKnownFileType = wrapper.framework;
			name = AppKit.framework;
			path = /System/Library/Frameworks/AppKit.framework;
			refType = 0;
			sourceTree = "<absolute>";
		};
		29B97325FDCFA39411CA2CEA = {
			isa = PBXFileReference;
			lastKnownFileType = wrapper.framework;
			name = Foundation.framework;
			path = /System/Library/Frameworks/Foundation.framework;
			refType = 0;
			sourceTree = "<absolute>";
		};
//290
//291
//292
//293
//294
//320
//321
//322
//323
//324
		32CA4F630368D1EE00C91783 = {
			fileEncoding = 4;
			isa = PBXFileReference;
			lastKnownFileType = sourcecode.c.h;
			path = "Koan-Prefix.pch";
			refType = 4;
			sourceTree = "<group>";
		};
//320
//321
//322
//323
//324
//4A0
//4A1
//4A2
//4A3
//4A4
		4A9504CCFFE6A4B311CA0CBA = {
			buildSettings = {
				COPY_PHASE_STRIP = NO;
				GCC_DYNAMIC_NO_PIC = NO;
				GCC_ENABLE_FIX_AND_CONTINUE = YES;
				GCC_GENERATE_DEBUGGING_SYMBOLS = YES;
				GCC_OPTIMIZATION_LEVEL = 0;
				ZERO_LINK = YES;
			};
			isa = PBXBuildStyle;
			name = Development;
		};
		4A9504CDFFE6A4B311CA0CBA = {
			buildSettings = {
				COPY_PHASE_STRIP = YES;
				GCC_ENABLE_FIX_AND_CONTINUE = NO;
				ZERO_LINK = NO;
			};
			isa = PBXBuildStyle;
			name = Deployment;
		};
//4A0
//4A1
//4A2
//4A3
//4A4
//7E0
//7E1
//7E2
//7E3
//7E4
		7E13F9E30788AE5C0071D30C = {
			fileRef = E677D20E0778041F00B417D2;
			isa = PBXBuildFile;
			settings = {
			};
		};
		7E13F9E40788AE5C0071D30C = {
			fileRef = 7E39EF9B0783938F0042A17A;
			isa = PBXBuildFile;
			settings = {
			};
		};
		7E13F9E50788AE5C0071D30C = {
			fileRef = E6DA667007776D9900C46267;
			isa = PBXBuildFile;
			settings = {
			};
		};
		7E13F9E60788AE710071D30C = {
			fileRef = E677D20F0778041F00B417D2;
			isa = PBXBuildFile;
			settings = {
			};
		};
		7E13F9E70788AE710071D30C = {
			fileRef = 7E39EF9C0783938F0042A17A;
			isa = PBXBuildFile;
			settings = {
			};
		};
		7E13F9E80788AE710071D30C = {
			fileRef = E6DA667107776D9900C46267;
			isa = PBXBuildFile;
			settings = {
			};
		};
		7E13F9EA0788AE930071D30C = {
			fileRef = E622A550074231A60069335B;
			isa = PBXBuildFile;
			settings = {
			};
		};
		7E13F9EB0788AE990071D30C = {
			fileRef = E622A551074231A60069335B;
			isa = PBXBuildFile;
			settings = {
			};
		};
		7E13F9F60788AECC0071D30C = {
			fileRef = 16D5FA06075434E4007C5F34;
			isa = PBXBuildFile;
			settings = {
			};
		};
		7E13FA590788C75F0071D30C = {
			fileEncoding = 4;
			isa = PBXFileReference;
			lastKnownFileType = sourcecode.c.h;
			path = MUWorldTests.h;
			refType = 4;
			sourceTree = "<group>";
		};
		7E13FA5A0788C75F0071D30C = {
			fileEncoding = 4;
			isa = PBXFileReference;
			lastKnownFileType = sourcecode.c.objc;
			path = MUWorldTests.m;
			refType = 4;
			sourceTree = "<group>";
		};
		7E13FA5B0788C75F0071D30C = {
			fileRef = 7E13FA590788C75F0071D30C;
			isa = PBXBuildFile;
			settings = {
			};
		};
		7E13FA5C0788C75F0071D30C = {
			fileRef = 7E13FA5A0788C75F0071D30C;
			isa = PBXBuildFile;
			settings = {
			};
		};
		7E1FC010078798060070AF39 = {
			fileEncoding = 4;
			isa = PBXFileReference;
			lastKnownFileType = sourcecode.c.h;
			path = MUProfileRegistryTests.h;
			refType = 4;
			sourceTree = "<group>";
		};
		7E1FC011078798060070AF39 = {
			fileEncoding = 4;
			isa = PBXFileReference;
			lastKnownFileType = sourcecode.c.objc;
			path = MUProfileRegistryTests.m;
			refType = 4;
			sourceTree = "<group>";
		};
		7E1FC012078798060070AF39 = {
			fileRef = 7E1FC010078798060070AF39;
			isa = PBXBuildFile;
			settings = {
			};
		};
		7E1FC013078798060070AF39 = {
			fileRef = 7E1FC011078798060070AF39;
			isa = PBXBuildFile;
			settings = {
			};
		};
		7E1FC01A0787A2220070AF39 = {
			fileEncoding = 4;
			isa = PBXFileReference;
			lastKnownFileType = sourcecode.c.h;
			path = MUProfileRegistry.h;
			refType = 4;
			sourceTree = "<group>";
		};
		7E1FC01B0787A2220070AF39 = {
			fileEncoding = 4;
			isa = PBXFileReference;
			lastKnownFileType = sourcecode.c.objc;
			path = MUProfileRegistry.m;
			refType = 4;
			sourceTree = "<group>";
		};
		7E1FC01C0787A2220070AF39 = {
			fileRef = 7E1FC01A0787A2220070AF39;
			isa = PBXBuildFile;
			settings = {
			};
		};
		7E1FC01D0787A2220070AF39 = {
			fileRef = 7E1FC01B0787A2220070AF39;
			isa = PBXBuildFile;
			settings = {
			};
		};
		7E1FC01E0787A2220070AF39 = {
			fileRef = 7E1FC01A0787A2220070AF39;
			isa = PBXBuildFile;
			settings = {
			};
		};
		7E1FC01F0787A2220070AF39 = {
			fileRef = 7E1FC01B0787A2220070AF39;
			isa = PBXBuildFile;
			settings = {
			};
		};
		7E20A8A60748474E00D1A5BF = {
			fileEncoding = 4;
			isa = PBXFileReference;
			lastKnownFileType = sourcecode.c.h;
			path = J3ANSIRemovingFilter.h;
			refType = 4;
			sourceTree = "<group>";
		};
		7E20A8A70748474E00D1A5BF = {
			fileEncoding = 4;
			isa = PBXFileReference;
			lastKnownFileType = sourcecode.c.objc;
			path = J3ANSIRemovingFilter.m;
			refType = 4;
			sourceTree = "<group>";
		};
		7E20A8A80748474E00D1A5BF = {
			fileRef = 7E20A8A60748474E00D1A5BF;
			isa = PBXBuildFile;
			settings = {
			};
		};
		7E20A8A90748474E00D1A5BF = {
			fileRef = 7E20A8A70748474E00D1A5BF;
			isa = PBXBuildFile;
			settings = {
			};
		};
		7E20A8AB0748474E00D1A5BF = {
			fileRef = 7E20A8A70748474E00D1A5BF;
			isa = PBXBuildFile;
			settings = {
			};
		};
		7E20A8E907486C1300D1A5BF = {
			fileEncoding = 30;
			isa = PBXFileReference;
			lastKnownFileType = sourcecode.c.h;
			path = J3ANSIRemovingFilterTests.h;
			refType = 4;
			sourceTree = "<group>";
		};
		7E20A8EA07486C1300D1A5BF = {
			fileRef = 7E20A8E907486C1300D1A5BF;
			isa = PBXBuildFile;
			settings = {
			};
		};
		7E20A8EB07486C2500D1A5BF = {
			fileEncoding = 30;
			isa = PBXFileReference;
			lastKnownFileType = sourcecode.c.objc;
			path = J3ANSIRemovingFilterTests.m;
			refType = 4;
			sourceTree = "<group>";
		};
		7E20A8EC07486C2500D1A5BF = {
			fileRef = 7E20A8EB07486C2500D1A5BF;
			isa = PBXBuildFile;
			settings = {
			};
		};
		7E39EF9B0783938F0042A17A = {
			fileEncoding = 4;
			isa = PBXFileReference;
			lastKnownFileType = sourcecode.c.h;
			path = MUProfile.h;
			refType = 4;
			sourceTree = "<group>";
		};
		7E39EF9C0783938F0042A17A = {
			fileEncoding = 4;
			isa = PBXFileReference;
			lastKnownFileType = sourcecode.c.objc;
			path = MUProfile.m;
			refType = 4;
			sourceTree = "<group>";
		};
		7E39EF9D0783938F0042A17A = {
			fileRef = 7E39EF9B0783938F0042A17A;
			isa = PBXBuildFile;
			settings = {
			};
		};
		7E39EF9E0783938F0042A17A = {
			fileRef = 7E39EF9C0783938F0042A17A;
			isa = PBXBuildFile;
			settings = {
			};
		};
		7EFE43820749C7CE002C7D48 = {
			fileEncoding = 30;
			isa = PBXFileReference;
			lastKnownFileType = sourcecode.c.h;
			path = J3Filter.h;
			refType = 4;
			sourceTree = "<group>";
		};
		7EFE43830749C7CE002C7D48 = {
			fileEncoding = 30;
			isa = PBXFileReference;
			lastKnownFileType = sourcecode.c.objc;
			path = J3Filter.m;
			refType = 4;
			sourceTree = "<group>";
		};
		7EFE43840749C7CE002C7D48 = {
			fileRef = 7EFE43820749C7CE002C7D48;
			isa = PBXBuildFile;
			settings = {
			};
		};
		7EFE43850749C7CE002C7D48 = {
			fileRef = 7EFE43830749C7CE002C7D48;
			isa = PBXBuildFile;
			settings = {
			};
		};
		7EFE43870749C7CE002C7D48 = {
			fileRef = 7EFE43830749C7CE002C7D48;
			isa = PBXBuildFile;
			settings = {
			};
		};
		7EFE43B10749CB16002C7D48 = {
			fileEncoding = 30;
			isa = PBXFileReference;
			lastKnownFileType = sourcecode.c.h;
			path = J3FilterTests.h;
			refType = 4;
			sourceTree = "<group>";
		};
		7EFE43B20749CB16002C7D48 = {
			fileEncoding = 30;
			isa = PBXFileReference;
			lastKnownFileType = sourcecode.c.objc;
			path = J3FilterTests.m;
			refType = 4;
			sourceTree = "<group>";
		};
		7EFE43B30749CB16002C7D48 = {
			fileRef = 7EFE43B10749CB16002C7D48;
			isa = PBXBuildFile;
			settings = {
			};
		};
		7EFE43B40749CB16002C7D48 = {
			fileRef = 7EFE43B20749CB16002C7D48;
			isa = PBXBuildFile;
			settings = {
			};
		};
//7E0
//7E1
//7E2
//7E3
//7E4
//8D0
//8D1
//8D2
//8D3
//8D4
		8D1107260486CEB800E47090 = {
			buildPhases = (
				16D5FA5F075435C9007C5F34,
				8D1107290486CEB800E47090,
				8D11072C0486CEB800E47090,
				8D11072E0486CEB800E47090,
				E622A48707422DB90069335B,
				16D5FA0A075434F9007C5F34,
			);
			buildRules = (
			);
			buildSettings = {
				FRAMEWORK_SEARCH_PATHS = "./frameworks /Users/loki/Projects/Koan/frameworks";
				GCC_GENERATE_DEBUGGING_SYMBOLS = NO;
				GCC_PRECOMPILE_PREFIX_HEADER = YES;
				GCC_PREFIX_HEADER = "source/Koan-Prefix.pch";
				HEADER_SEARCH_PATHS = "./source ./filters";
				INFOPLIST_FILE = resources/Info.plist;
				INSTALL_PATH = "$(HOME)/Applications";
				PREBINDING = YES;
				PRODUCT_NAME = Koan;
				WRAPPER_EXTENSION = app;
			};
			dependencies = (
				E659F6DF0770D52800534D1B,
			);
			isa = PBXNativeTarget;
			name = Koan;
			productInstallPath = "$(HOME)/Applications";
			productName = Koan;
			productReference = 8D1107320486CEB800E47090;
			productType = "com.apple.product-type.application";
		};
		8D1107290486CEB800E47090 = {
			buildActionMask = 2147483647;
			files = (
				E6B5E3B906A6EEA600F53EBB,
				E6B5E61206A73B0A00F53EBB,
				E62C909F07422669005662BC,
				E65CE072075438F9003A796A,
				E6EB62C107569D33009F47D5,
				E6EB62BF07569D2E009F47D5,
				E6F3A714077A1ABD0011A461,
				E6C9D44E077BF6B5007BB2C1,
				E6C9D44F077BF6B5007BB2C1,
				E6C9D450077BF6B5007BB2C1,
				E6C9D451077BF6B5007BB2C1,
				E6C9D452077BF6B5007BB2C1,
				E6C9D453077BF6B5007BB2C1,
				E6C9D4EB077C0FA3007BB2C1,
				E6C9D4EC077C0FA3007BB2C1,
				E6C9D4ED077C0FA3007BB2C1,
				E6C9D4EE077C0FA3007BB2C1,
				7E39EF9D0783938F0042A17A,
				E63B5E8207854008003FDA45,
				E63B5EB60785460C003FDA45,
				E63B5EDC0785497C003FDA45,
				E6E7BF0E07867F080065EDD6,
				7E1FC01C0787A2220070AF39,
			);
			isa = PBXResourcesBuildPhase;
			runOnlyForDeploymentPostprocessing = 0;
		};
		8D11072C0486CEB800E47090 = {
			buildActionMask = 2147483647;
			files = (
				8D11072D0486CEB800E47090,
				E6055F7F07492729007A13BD,
				E622A553074231A60069335B,
				E62C905D07422595005662BC,
				E670A84207420FDF00E2DAEB,
				E62C8FBE07421D83005662BC,
				E6E7A62807496940007005AC,
				7EFE43870749C7CE002C7D48,
				7E20A8AB0748474E00D1A5BF,
				E6E7A6350749697C007005AC,
				E6E79CED07697FD100A8FB96,
				E64C9634076BF95E00D0D7C0,
				E60DDB86076CE889009870E4,
				E6A2312A0772E166008EF744,
				E6550DFB07763B57002E81FF,
				E6550E0107763B72002E81FF,
				E6DA667307776D9900C46267,
				E677D2110778041F00B417D2,
				E6F60DAE0778A3C600E0EBB4,
				E63CC4E5077A06CD003A54AA,
				E6F3A720077A1B270011A461,
				E6C9D607077C2DC6007BB2C1,
				7E39EF9E0783938F0042A17A,
				E63B5E8107854008003FDA45,
				7E1FC01D0787A2220070AF39,
			);
			isa = PBXSourcesBuildPhase;
			runOnlyForDeploymentPostprocessing = 0;
		};
		8D11072D0486CEB800E47090 = {
			fileRef = 29B97316FDCFA39411CA2CEA;
			isa = PBXBuildFile;
			settings = {
				ATTRIBUTES = (
				);
			};
		};
		8D11072E0486CEB800E47090 = {
			buildActionMask = 2147483647;
			files = (
				8D11072F0486CEB800E47090,
				E6505D4C07836DDC0016F30E,
				16D5FA07075434E4007C5F34,
				E6505D4607836DD00016F30E,
			);
			isa = PBXFrameworksBuildPhase;
			runOnlyForDeploymentPostprocessing = 0;
		};
		8D11072F0486CEB800E47090 = {
			fileRef = 1058C7A1FEA54F0111CA2CBB;
			isa = PBXBuildFile;
			settings = {
			};
		};
		8D1107310486CEB800E47090 = {
			fileEncoding = 4;
			isa = PBXFileReference;
			lastKnownFileType = text.plist;
			path = Info.plist;
			refType = 4;
			sourceTree = "<group>";
		};
		8D1107320486CEB800E47090 = {
			explicitFileType = wrapper.application;
			includeInIndex = 0;
			isa = PBXFileReference;
			path = Koan.app;
			refType = 3;
			sourceTree = BUILT_PRODUCTS_DIR;
		};
//8D0
//8D1
//8D2
//8D3
//8D4
//E60
//E61
//E62
//E63
//E64
		E6055F7C07492729007A13BD = {
			fileEncoding = 4;
			isa = PBXFileReference;
			lastKnownFileType = sourcecode.c.h;
			path = "NSAttributedString (Allocating).h";
			refType = 4;
			sourceTree = "<group>";
		};
		E6055F7D07492729007A13BD = {
			fileEncoding = 4;
			isa = PBXFileReference;
			lastKnownFileType = sourcecode.c.objc;
			path = "NSAttributedString (Allocating).m";
			refType = 4;
			sourceTree = "<group>";
		};
		E6055F7F07492729007A13BD = {
			fileRef = E6055F7D07492729007A13BD;
			isa = PBXBuildFile;
			settings = {
			};
		};
		E6055FB6074929F3007A13BD = {
			fileEncoding = 4;
			isa = PBXFileReference;
			lastKnownFileType = sourcecode.c.h;
			path = "Koan-Tests-Prefix.pch";
			refType = 4;
			sourceTree = "<group>";
		};
		E6055FCF07492AA1007A13BD = {
			fileRef = E6055F7D07492729007A13BD;
			isa = PBXBuildFile;
			settings = {
			};
		};
		E60DDB83076CE889009870E4 = {
			fileEncoding = 4;
			isa = PBXFileReference;
			lastKnownFileType = sourcecode.c.h;
			path = FontNameToDisplayNameTransformer.h;
			refType = 4;
			sourceTree = "<group>";
		};
		E60DDB84076CE889009870E4 = {
			fileEncoding = 4;
			isa = PBXFileReference;
			lastKnownFileType = sourcecode.c.objc;
			path = FontNameToDisplayNameTransformer.m;
			refType = 4;
			sourceTree = "<group>";
		};
		E60DDB86076CE889009870E4 = {
			fileRef = E60DDB84076CE889009870E4;
			isa = PBXBuildFile;
			settings = {
			};
		};
		E62040F606B054E400236608 = {
			buildActionMask = 2147483647;
			files = (
				7E13F9EA0788AE930071D30C,
				7E13F9E30788AE5C0071D30C,
				7E13F9E40788AE5C0071D30C,
				7E13F9E50788AE5C0071D30C,
				E62041AA06B0566B00236608,
				7E20A8A80748474E00D1A5BF,
				7E20A8EA07486C1300D1A5BF,
				7EFE43840749C7CE002C7D48,
				7EFE43B30749CB16002C7D48,
				E650567B077ECE760016F30E,
				7E1FC012078798060070AF39,
				7E1FC01E0787A2220070AF39,
				7E13FA5B0788C75F0071D30C,
			);
			isa = PBXHeadersBuildPhase;
			runOnlyForDeploymentPostprocessing = 0;
		};
		E62040F706B054E400236608 = {
			buildActionMask = 2147483647;
			files = (
				7E13F9EB0788AE990071D30C,
				7E13F9E60788AE710071D30C,
				7E13F9E70788AE710071D30C,
				7E13F9E80788AE710071D30C,
				E650567C077ECE760016F30E,
				E6505527077EA94A0016F30E,
				E6505517077EA9110016F30E,
				E6F60DED0778A6C900E0EBB4,
				E6055FCF07492AA1007A13BD,
				E6E7A6F6074971FF007005AC,
				E6E7A6F7074971FF007005AC,
				E62041AB06B0566B00236608,
				E6A0F572074AD9DC00A99066,
				E6E7A72A07497275007005AC,
				7E20A8A90748474E00D1A5BF,
				7E20A8EC07486C2500D1A5BF,
				7EFE43850749C7CE002C7D48,
				7EFE43B40749CB16002C7D48,
				7E1FC013078798060070AF39,
				7E1FC01F0787A2220070AF39,
				7E13FA5C0788C75F0071D30C,
			);
			isa = PBXSourcesBuildPhase;
			runOnlyForDeploymentPostprocessing = 0;
		};
		E62040F806B054E400236608 = {
			buildActionMask = 2147483647;
			files = (
				7E13F9F60788AECC0071D30C,
				E620418406B0555C00236608,
				E620410B06B0551D00236608,
			);
			isa = PBXFrameworksBuildPhase;
			runOnlyForDeploymentPostprocessing = 0;
		};
		E62040F906B054E400236608 = {
			buildActionMask = 2147483647;
			files = (
			);
			isa = PBXRezBuildPhase;
			runOnlyForDeploymentPostprocessing = 0;
		};
		E62040FA06B054E400236608 = {
			buildPhases = (
				E62040F606B054E400236608,
				E62040F706B054E400236608,
				E62040F806B054E400236608,
				E62040F906B054E400236608,
			);
			buildSettings = {
				FRAMEWORK_SEARCH_PATHS = $BUILD_ROOT;
				HEADER_SEARCH_PATHS = "./source ./filters";
				OTHER_CFLAGS = "";
				OTHER_LDFLAGS = "";
				OTHER_REZFLAGS = "";
				PREBINDING = NO;
				PRECOMPILE_PREFIX_HEADER = YES;
				PREFIX_HEADER = "tests/Koan-Tests-Prefix.pch";
				PRODUCT_NAME = "Test Suite";
				REZ_EXECUTABLE = YES;
				SECTORDER_FLAGS = "";
				WARNING_CFLAGS = "-Wmost -Wno-four-char-constants -Wno-unknown-pragmas";
			};
			dependencies = (
			);
			isa = PBXToolTarget;
			name = "Test Suite";
			productInstallPath = /usr/local/bin;
			productName = "Test Suite";
			productReference = E62040FB06B054E400236608;
		};
		E62040FB06B054E400236608 = {
			explicitFileType = "compiled.mach-o.executable";
			includeInIndex = 0;
			isa = PBXFileReference;
			path = "Test Suite";
			refType = 3;
			sourceTree = BUILT_PRODUCTS_DIR;
		};
		E620410A06B0551D00236608 = {
			isa = PBXFileReference;
			lastKnownFileType = wrapper.framework;
			name = ObjcUnit.framework;
			path = /Library/Frameworks/ObjcUnit.framework;
			refType = 0;
			sourceTree = "<absolute>";
		};
		E620410B06B0551D00236608 = {
			fileRef = E620410A06B0551D00236608;
			isa = PBXBuildFile;
			settings = {
			};
		};
		E620418406B0555C00236608 = {
			fileRef = 1058C7A1FEA54F0111CA2CBB;
			isa = PBXBuildFile;
			settings = {
			};
		};
		E62041A806B0566B00236608 = {
			fileEncoding = 4;
			isa = PBXFileReference;
			lastKnownFileType = sourcecode.c.h;
			path = MUTests.h;
			refType = 4;
			sourceTree = "<group>";
		};
		E62041A906B0566B00236608 = {
			fileEncoding = 4;
			isa = PBXFileReference;
			lastKnownFileType = sourcecode.c.objc;
			path = MUTests.m;
			refType = 4;
			sourceTree = "<group>";
		};
		E62041AA06B0566B00236608 = {
			fileRef = E62041A806B0566B00236608;
			isa = PBXBuildFile;
			settings = {
			};
		};
		E62041AB06B0566B00236608 = {
			fileRef = E62041A906B0566B00236608;
			isa = PBXBuildFile;
			settings = {
			};
		};
		E622A48707422DB90069335B = {
			buildActionMask = 2147483647;
			dstPath = "";
			dstSubfolderSpec = 7;
			files = (
			);
			isa = PBXCopyFilesBuildPhase;
			runOnlyForDeploymentPostprocessing = 0;
		};
		E622A550074231A60069335B = {
			fileEncoding = 4;
			isa = PBXFileReference;
			lastKnownFileType = sourcecode.c.h;
			path = MUConstants.h;
			refType = 4;
			sourceTree = "<group>";
		};
		E622A551074231A60069335B = {
			fileEncoding = 4;
			isa = PBXFileReference;
			lastKnownFileType = sourcecode.c.objc;
			path = MUConstants.m;
			refType = 4;
			sourceTree = "<group>";
		};
		E622A553074231A60069335B = {
			fileRef = E622A551074231A60069335B;
			isa = PBXBuildFile;
			settings = {
			};
		};
		E62C8FBB07421D83005662BC = {
			fileEncoding = 4;
			isa = PBXFileReference;
			lastKnownFileType = sourcecode.c.h;
			path = MUConnectionToolbarController.h;
			refType = 4;
			sourceTree = "<group>";
		};
		E62C8FBC07421D83005662BC = {
			fileEncoding = 4;
			isa = PBXFileReference;
			lastKnownFileType = sourcecode.c.objc;
			path = MUConnectionToolbarController.m;
			refType = 4;
			sourceTree = "<group>";
		};
		E62C8FBE07421D83005662BC = {
			fileRef = E62C8FBC07421D83005662BC;
			isa = PBXBuildFile;
			settings = {
			};
		};
		E62C905A07422595005662BC = {
			fileEncoding = 4;
			isa = PBXFileReference;
			lastKnownFileType = sourcecode.c.h;
			path = MUApplicationController.h;
			refType = 4;
			sourceTree = "<group>";
		};
		E62C905B07422595005662BC = {
			fileEncoding = 4;
			isa = PBXFileReference;
			lastKnownFileType = sourcecode.c.objc;
			path = MUApplicationController.m;
			refType = 4;
			sourceTree = "<group>";
		};
		E62C905D07422595005662BC = {
			fileRef = E62C905B07422595005662BC;
			isa = PBXBuildFile;
			settings = {
			};
		};
		E62C909A0742265F005662BC = {
			fileEncoding = 4;
			isa = PBXFileReference;
			lastKnownFileType = text.plist.strings;
			name = English;
			path = resources/English.lproj/Localizable.strings;
			refType = 2;
			sourceTree = SOURCE_ROOT;
		};
		E62C909E07422669005662BC = {
			children = (
				E62C909A0742265F005662BC,
			);
			isa = PBXVariantGroup;
			name = Localizable.strings;
			refType = 4;
			sourceTree = "<group>";
		};
		E62C909F07422669005662BC = {
			fileRef = E62C909E07422669005662BC;
			isa = PBXBuildFile;
			settings = {
			};
		};
		E63B5E7F07854008003FDA45 = {
			fileEncoding = 4;
			isa = PBXFileReference;
			lastKnownFileType = sourcecode.c.objc;
			path = UKUpdateChecker.m;
			refType = 4;
			sourceTree = "<group>";
		};
		E63B5E8007854008003FDA45 = {
			fileEncoding = 4;
			isa = PBXFileReference;
			lastKnownFileType = sourcecode.c.h;
			path = UKUpdateChecker.h;
			refType = 4;
			sourceTree = "<group>";
		};
		E63B5E8107854008003FDA45 = {
			fileRef = E63B5E7F07854008003FDA45;
			isa = PBXBuildFile;
			settings = {
			};
		};
		E63B5E8207854008003FDA45 = {
			fileRef = E63B5E8007854008003FDA45;
			isa = PBXBuildFile;
			settings = {
			};
		};
		E63B5EB40785460C003FDA45 = {
			children = (
				E63B5EB50785460C003FDA45,
			);
			isa = PBXVariantGroup;
			name = UKUpdateChecker.strings;
			path = "";
			refType = 4;
			sourceTree = "<group>";
		};
		E63B5EB50785460C003FDA45 = {
			fileEncoding = 4;
			isa = PBXFileReference;
			lastKnownFileType = text.plist.strings;
			name = English;
			path = English.lproj/UKUpdateChecker.strings;
			refType = 4;
			sourceTree = "<group>";
		};
		E63B5EB60785460C003FDA45 = {
			fileRef = E63B5EB40785460C003FDA45;
			isa = PBXBuildFile;
			settings = {
			};
		};
		E63B5EDB0785497C003FDA45 = {
			fileEncoding = 4;
			isa = PBXFileReference;
			lastKnownFileType = text;
			path = MacPAD.url;
			refType = 4;
			sourceTree = "<group>";
		};
		E63B5EDC0785497C003FDA45 = {
			fileRef = E63B5EDB0785497C003FDA45;
			isa = PBXBuildFile;
			settings = {
			};
		};
		E63CC4E2077A06CD003A54AA = {
			fileEncoding = 4;
			isa = PBXFileReference;
			lastKnownFileType = sourcecode.c.h;
			path = MUProfilesController.h;
			refType = 4;
			sourceTree = "<group>";
		};
		E63CC4E3077A06CD003A54AA = {
			fileEncoding = 4;
			isa = PBXFileReference;
			lastKnownFileType = sourcecode.c.objc;
			path = MUProfilesController.m;
			refType = 4;
			sourceTree = "<group>";
		};
		E63CC4E5077A06CD003A54AA = {
			fileRef = E63CC4E3077A06CD003A54AA;
			isa = PBXBuildFile;
			settings = {
			};
		};
		E648B8E906B03FBC0070F73E = {
			isa = PBXFileReference;
			lastKnownFileType = text.xml;
			path = "Tests-Info.plist";
			refType = 4;
			sourceTree = "<group>";
		};
		E64C9631076BF95E00D0D7C0 = {
			fileEncoding = 4;
			isa = PBXFileReference;
			lastKnownFileType = sourcecode.c.h;
			path = J3PortFormatter.h;
			refType = 4;
			sourceTree = "<group>";
		};
		E64C9632076BF95E00D0D7C0 = {
			fileEncoding = 4;
			isa = PBXFileReference;
			lastKnownFileType = sourcecode.c.objc;
			path = J3PortFormatter.m;
			refType = 4;
			sourceTree = "<group>";
		};
		E64C9634076BF95E00D0D7C0 = {
			fileRef = E64C9632076BF95E00D0D7C0;
			isa = PBXBuildFile;
			settings = {
			};
		};
		E6505497077EA20E0016F30E = {
			fileEncoding = 4;
			isa = PBXFileReference;
			lastKnownFileType = sourcecode.c.h;
			path = J3NaiveURLFilterTests.h;
			refType = 4;
			sourceTree = "<group>";
		};
		E6505498077EA20E0016F30E = {
			fileEncoding = 4;
			isa = PBXFileReference;
			lastKnownFileType = sourcecode.c.objc;
			path = J3NaiveURLFilterTests.m;
			refType = 4;
			sourceTree = "<group>";
		};
		E6505517077EA9110016F30E = {
			fileRef = E6505498077EA20E0016F30E;
			isa = PBXBuildFile;
			settings = {
			};
		};
		E6505527077EA94A0016F30E = {
			fileRef = E6C9D605077C2DC6007BB2C1;
			isa = PBXBuildFile;
			settings = {
			};
		};
		E650559A077EB6080016F30E = {
			fileEncoding = 4;
			isa = PBXFileReference;
			lastKnownFileType = text.html.documentation;
			path = Koan.graffle;
			refType = 4;
			sourceTree = "<group>";
		};
		E65055A9077EBA820016F30E = {
			isa = PBXFileReference;
			lastKnownFileType = text.rtf;
			path = Credits.rtf;
			refType = 4;
			sourceTree = "<group>";
		};
		E6505679077ECE760016F30E = {
			fileEncoding = 4;
			isa = PBXFileReference;
			lastKnownFileType = sourcecode.c.h;
			path = "NSURL (Allocating).h";
			refType = 4;
			sourceTree = "<group>";
		};
		E650567A077ECE760016F30E = {
			fileEncoding = 4;
			isa = PBXFileReference;
			lastKnownFileType = sourcecode.c.objc;
			path = "NSURL (Allocating).m";
			refType = 4;
			sourceTree = "<group>";
		};
		E650567B077ECE760016F30E = {
			fileRef = E6505679077ECE760016F30E;
			isa = PBXBuildFile;
			settings = {
			};
		};
		E650567C077ECE760016F30E = {
			fileRef = E650567A077ECE760016F30E;
			isa = PBXBuildFile;
			settings = {
			};
		};
		E6505A31078203FC0016F30E = {
			isa = PBXFileReference;
			lastKnownFileType = wrapper.framework;
			name = AGRegex.framework;
			path = build/AGRegex.framework;
			refType = 2;
			sourceTree = SOURCE_ROOT;
		};
		E6505ABF07820CC00016F30E = {
			isa = PBXFileReference;
			lastKnownFileType = text.rtf;
			path = "User Stories.rtf";
			refType = 4;
			sourceTree = "<group>";
		};
		E6505D4507836DD00016F30E = {
			isa = PBXFileReference;
			lastKnownFileType = wrapper.framework;
			name = RBSplitView.framework;
			path = build/RBSplitView.framework;
			refType = 2;
			sourceTree = SOURCE_ROOT;
		};
		E6505D4607836DD00016F30E = {
			fileRef = E6505D4507836DD00016F30E;
			isa = PBXBuildFile;
			settings = {
			};
		};
		E6505D4C07836DDC0016F30E = {
			fileRef = E6505A31078203FC0016F30E;
			isa = PBXBuildFile;
			settings = {
			};
		};
		E6505DB007836EFD0016F30E = {
			fileRef = E6505A31078203FC0016F30E;
			isa = PBXBuildFile;
			settings = {
			};
		};
		E6505DB107836F000016F30E = {
			fileRef = E6505D4507836DD00016F30E;
			isa = PBXBuildFile;
			settings = {
			};
		};
		E6550DF807763B57002E81FF = {
			fileEncoding = 4;
			isa = PBXFileReference;
			lastKnownFileType = sourcecode.c.h;
			path = "NSObject (DeepMutableCopy).h";
			refType = 4;
			sourceTree = "<group>";
		};
		E6550DF907763B57002E81FF = {
			fileEncoding = 4;
			isa = PBXFileReference;
			lastKnownFileType = sourcecode.c.objc;
			path = "NSObject (DeepMutableCopy).m";
			refType = 4;
			sourceTree = "<group>";
		};
		E6550DFB07763B57002E81FF = {
			fileRef = E6550DF907763B57002E81FF;
			isa = PBXBuildFile;
			settings = {
			};
		};
		E6550DFE07763B72002E81FF = {
			fileEncoding = 4;
			isa = PBXFileReference;
			lastKnownFileType = sourcecode.c.h;
			path = "NSObject (BetterHashing).h";
			refType = 4;
			sourceTree = "<group>";
		};
		E6550DFF07763B72002E81FF = {
			fileEncoding = 4;
			isa = PBXFileReference;
			lastKnownFileType = sourcecode.c.objc;
			path = "NSObject (BetterHashing).m";
			refType = 4;
			sourceTree = "<group>";
		};
		E6550E0107763B72002E81FF = {
			fileRef = E6550DFF07763B72002E81FF;
			isa = PBXBuildFile;
			settings = {
			};
		};
		E6550EF307764C01002E81FF = {
			children = (
				E6055F7C07492729007A13BD,
				E6F60DAB0778A3C600E0EBB4,
				E6550DFE07763B72002E81FF,
				E6550DF807763B57002E81FF,
				E6505679077ECE760016F30E,
				E6055F7D07492729007A13BD,
				E6F60DAC0778A3C600E0EBB4,
				E6550DFF07763B72002E81FF,
				E6550DF907763B57002E81FF,
				E650567A077ECE760016F30E,
			);
			isa = PBXGroup;
			name = Categories;
			path = categories;
			refType = 4;
			sourceTree = "<group>";
		};
		E659F6CF0770D4DA00534D1B = {
			buildActionMask = 2147483647;
			files = (
			);
			inputPaths = (
				$SOURCE_ROOT/resources/Info.plist,
			);
			isa = PBXShellScriptBuildPhase;
			outputPaths = (
			);
			runOnlyForDeploymentPostprocessing = 0;
			shellPath = /bin/sh;
			shellScript = "# shell script goes here\n\nPATH=/opt/local/bin:/opt/bin:/usr/local/bin:/sw/bin:$PATH\nexport PATH\n\nset +x\n\ncd $SOURCE_ROOT/resources/\n\npwd\n$okay=`./update-svnversion.plx < Info.plist > Info.plist~`\nmv Info.plist~ Info.plist\ncp Info.plist $SOURCE_ROOT/build/Koan.build/Koan.build/Info.plist\n\nexit $okay";
		};
		E659F6D00770D4DA00534D1B = {
			buildPhases = (
				E659F6CF0770D4DA00534D1B,
			);
			buildSettings = {
				OTHER_CFLAGS = "";
				OTHER_LDFLAGS = "";
				OTHER_REZFLAGS = "";
				PRODUCT_NAME = "Update plist";
				SECTORDER_FLAGS = "";
				WARNING_CFLAGS = "-Wmost -Wno-four-char-constants -Wno-unknown-pragmas";
			};
			dependencies = (
			);
			isa = PBXAggregateTarget;
			name = "Update plist";
			productName = "Update plist";
		};
		E659F6DE0770D52800534D1B = {
			containerPortal = 29B97313FDCFA39411CA2CEA;
			isa = PBXContainerItemProxy;
			proxyType = 1;
			remoteGlobalIDString = E659F6D00770D4DA00534D1B;
			remoteInfo = "Update plist";
		};
		E659F6DF0770D52800534D1B = {
			isa = PBXTargetDependency;
			target = E659F6D00770D4DA00534D1B;
			targetProxy = E659F6DE0770D52800534D1B;
		};
		E65CE071075438F9003A796A = {
			isa = PBXFileReference;
			lastKnownFileType = image.icns;
			path = Koan.icns;
			refType = 4;
			sourceTree = "<group>";
		};
		E65CE072075438F9003A796A = {
			fileRef = E65CE071075438F9003A796A;
			isa = PBXBuildFile;
			settings = {
			};
		};
		E670A81207420F8C00E2DAEB = {
			children = (
				E62C905A07422595005662BC,
				E62C8FBB07421D83005662BC,
				E670A83F07420FDF00E2DAEB,
				E63CC4E2077A06CD003A54AA,
				E62C905B07422595005662BC,
				E62C8FBC07421D83005662BC,
				E670A84007420FDF00E2DAEB,
				E63CC4E3077A06CD003A54AA,
			);
			isa = PBXGroup;
			name = Controllers;
			path = controllers;
			refType = 4;
			sourceTree = "<group>";
		};
		E670A83F07420FDF00E2DAEB = {
			fileEncoding = 4;
			isa = PBXFileReference;
			lastKnownFileType = sourcecode.c.h;
			path = MUConnectionWindowController.h;
			refType = 4;
			sourceTree = "<group>";
		};
		E670A84007420FDF00E2DAEB = {
			fileEncoding = 4;
			isa = PBXFileReference;
			lastKnownFileType = sourcecode.c.objc;
			path = MUConnectionWindowController.m;
			refType = 4;
			sourceTree = "<group>";
		};
		E670A84207420FDF00E2DAEB = {
			fileRef = E670A84007420FDF00E2DAEB;
			isa = PBXBuildFile;
			settings = {
			};
		};
		E677D20E0778041F00B417D2 = {
			fileEncoding = 4;
			isa = PBXFileReference;
			lastKnownFileType = sourcecode.c.h;
			path = MUPlayer.h;
			refType = 4;
			sourceTree = "<group>";
		};
		E677D20F0778041F00B417D2 = {
			fileEncoding = 4;
			isa = PBXFileReference;
			lastKnownFileType = sourcecode.c.objc;
			path = MUPlayer.m;
			refType = 4;
			sourceTree = "<group>";
		};
		E677D2110778041F00B417D2 = {
			fileRef = E677D20F0778041F00B417D2;
			isa = PBXBuildFile;
			settings = {
			};
		};
		E6A0F572074AD9DC00A99066 = {
			fileRef = E6E7A6340749697C007005AC;
			isa = PBXBuildFile;
			settings = {
			};
		};
		E6A231270772E166008EF744 = {
			fileEncoding = 4;
			isa = PBXFileReference;
			lastKnownFileType = sourcecode.c.h;
			path = MUForwardingTextView.h;
			refType = 4;
			sourceTree = "<group>";
		};
		E6A231280772E166008EF744 = {
			fileEncoding = 4;
			isa = PBXFileReference;
			lastKnownFileType = sourcecode.c.objc;
			path = MUForwardingTextView.m;
			refType = 4;
			sourceTree = "<group>";
		};
		E6A2312A0772E166008EF744 = {
			fileRef = E6A231280772E166008EF744;
			isa = PBXBuildFile;
			settings = {
			};
		};
		E6B5E3AA06A6EE0C00F53EBB = {
			children = (
				E6EB62C007569D33009F47D5,
				E6EB62BE07569D2E009F47D5,
				E6F3A713077A1ABD0011A461,
			);
			isa = PBXGroup;
			path = Nibs;
			refType = 4;
			sourceTree = "<group>";
		};
		E6B5E3B706A6EEA600F53EBB = {
			children = (
				E6B5E3B806A6EEA600F53EBB,
			);
			isa = PBXVariantGroup;
			name = InfoPlist.strings;
			path = "";
			refType = 4;
			sourceTree = "<group>";
		};
		E6B5E3B806A6EEA600F53EBB = {
			fileEncoding = 4;
			isa = PBXFileReference;
			lastKnownFileType = text.plist.strings;
			name = English;
			path = English.lproj/InfoPlist.strings;
			refType = 4;
			sourceTree = "<group>";
		};
		E6B5E3B906A6EEA600F53EBB = {
			fileRef = E6B5E3B706A6EEA600F53EBB;
			isa = PBXBuildFile;
			settings = {
			};
		};
		E6B5E40A06A6F28400F53EBB = {
			children = (
				7E13FA590788C75F0071D30C,
				7E1FC010078798060070AF39,
				7E20A8E907486C1300D1A5BF,
				7EFE43B10749CB16002C7D48,
				E6E7A6CC074970FE007005AC,
				E6505497077EA20E0016F30E,
				E6E7A63D0749698F007005AC,
				7E1FC010078798060070AF39,
				E62041A806B0566B00236608,
				7E20A8EB07486C2500D1A5BF,
				7EFE43B20749CB16002C7D48,
				E6E7A6CD074970FE007005AC,
				E6505498077EA20E0016F30E,
				E6E7A63E0749698F007005AC,
				7E1FC011078798060070AF39,
				E62041A906B0566B00236608,
				7E1FC011078798060070AF39,
				7E13FA5A0788C75F0071D30C,
				E6055FB6074929F3007A13BD,
				E648B8E906B03FBC0070F73E,
			);
			isa = PBXGroup;
			name = Tests;
			path = tests;
			refType = 2;
			sourceTree = SOURCE_ROOT;
		};
		E6B5E42906A6F36300F53EBB = {
			children = (
				E650559A077EB6080016F30E,
				E65055A9077EBA820016F30E,
				E6505ABF07820CC00016F30E,
			);
			isa = PBXGroup;
			name = Documentation;
			path = documentation;
			refType = 2;
			sourceTree = SOURCE_ROOT;
		};
		E6B5E61106A73B0A00F53EBB = {
			fileEncoding = 30;
			isa = PBXFileReference;
			lastKnownFileType = text.xml;
			path = version.plist;
			refType = 4;
			sourceTree = "<group>";
		};
		E6B5E61206A73B0A00F53EBB = {
			fileRef = E6B5E61106A73B0A00F53EBB;
			isa = PBXBuildFile;
			settings = {
			};
		};
		E6C9D448077BF6B5007BB2C1 = {
			isa = PBXFileReference;
			lastKnownFileType = image.png;
			path = "add-pressed.png";
			refType = 4;
			sourceTree = "<group>";
		};
		E6C9D449077BF6B5007BB2C1 = {
			isa = PBXFileReference;
			lastKnownFileType = image.png;
			path = add.png;
			refType = 4;
			sourceTree = "<group>";
		};
		E6C9D44A077BF6B5007BB2C1 = {
			isa = PBXFileReference;
			lastKnownFileType = image.png;
			path = "edit-pressed.png";
			refType = 4;
			sourceTree = "<group>";
		};
		E6C9D44B077BF6B5007BB2C1 = {
			isa = PBXFileReference;
			lastKnownFileType = image.png;
			path = edit.png;
			refType = 4;
			sourceTree = "<group>";
		};
		E6C9D44C077BF6B5007BB2C1 = {
			isa = PBXFileReference;
			lastKnownFileType = image.png;
			path = "remove-pressed.png";
			refType = 4;
			sourceTree = "<group>";
		};
		E6C9D44D077BF6B5007BB2C1 = {
			isa = PBXFileReference;
			lastKnownFileType = image.png;
			path = remove.png;
			refType = 4;
			sourceTree = "<group>";
		};
		E6C9D44E077BF6B5007BB2C1 = {
			fileRef = E6C9D448077BF6B5007BB2C1;
			isa = PBXBuildFile;
			settings = {
			};
		};
		E6C9D44F077BF6B5007BB2C1 = {
			fileRef = E6C9D449077BF6B5007BB2C1;
			isa = PBXBuildFile;
			settings = {
			};
		};
		E6C9D450077BF6B5007BB2C1 = {
			fileRef = E6C9D44A077BF6B5007BB2C1;
			isa = PBXBuildFile;
			settings = {
			};
		};
		E6C9D451077BF6B5007BB2C1 = {
			fileRef = E6C9D44B077BF6B5007BB2C1;
			isa = PBXBuildFile;
			settings = {
			};
		};
		E6C9D452077BF6B5007BB2C1 = {
			fileRef = E6C9D44C077BF6B5007BB2C1;
			isa = PBXBuildFile;
			settings = {
			};
		};
		E6C9D453077BF6B5007BB2C1 = {
			fileRef = E6C9D44D077BF6B5007BB2C1;
			isa = PBXBuildFile;
			settings = {
			};
		};
		E6C9D4E7077C0FA3007BB2C1 = {
			isa = PBXFileReference;
			lastKnownFileType = image.png;
			path = "badge-1-2.png";
			refType = 4;
			sourceTree = "<group>";
		};
		E6C9D4E8077C0FA3007BB2C1 = {
			isa = PBXFileReference;
			lastKnownFileType = image.png;
			path = "badge-3.png";
			refType = 4;
			sourceTree = "<group>";
		};
		E6C9D4E9077C0FA3007BB2C1 = {
			isa = PBXFileReference;
			lastKnownFileType = image.png;
			path = "badge-4.png";
			refType = 4;
			sourceTree = "<group>";
		};
		E6C9D4EA077C0FA3007BB2C1 = {
			isa = PBXFileReference;
			lastKnownFileType = image.png;
			path = "badge-5.png";
			refType = 4;
			sourceTree = "<group>";
		};
		E6C9D4EB077C0FA3007BB2C1 = {
			fileRef = E6C9D4E7077C0FA3007BB2C1;
			isa = PBXBuildFile;
			settings = {
			};
		};
		E6C9D4EC077C0FA3007BB2C1 = {
			fileRef = E6C9D4E8077C0FA3007BB2C1;
			isa = PBXBuildFile;
			settings = {
			};
		};
		E6C9D4ED077C0FA3007BB2C1 = {
			fileRef = E6C9D4E9077C0FA3007BB2C1;
			isa = PBXBuildFile;
			settings = {
			};
		};
		E6C9D4EE077C0FA3007BB2C1 = {
			fileRef = E6C9D4EA077C0FA3007BB2C1;
			isa = PBXBuildFile;
			settings = {
			};
		};
		E6C9D604077C2DC6007BB2C1 = {
			fileEncoding = 4;
			isa = PBXFileReference;
			lastKnownFileType = sourcecode.c.h;
			path = J3NaiveURLFilter.h;
			refType = 4;
			sourceTree = "<group>";
		};
		E6C9D605077C2DC6007BB2C1 = {
			fileEncoding = 4;
			isa = PBXFileReference;
			lastKnownFileType = sourcecode.c.objc;
			path = J3NaiveURLFilter.m;
			refType = 4;
			sourceTree = "<group>";
		};
		E6C9D607077C2DC6007BB2C1 = {
			fileRef = E6C9D605077C2DC6007BB2C1;
			isa = PBXBuildFile;
			settings = {
			};
		};
		E6D0A56C0745518A002DA041 = {
			children = (
				7E20A8A60748474E00D1A5BF,
				7EFE43820749C7CE002C7D48,
				E6C9D604077C2DC6007BB2C1,
				E6E7A62E07496971007005AC,
				7E20A8A70748474E00D1A5BF,
				7EFE43830749C7CE002C7D48,
				E6C9D605077C2DC6007BB2C1,
				E6E7A6340749697C007005AC,
			);
			isa = PBXGroup;
			name = Filters;
			path = filters;
			refType = 2;
			sourceTree = SOURCE_ROOT;
		};
		E6DA667007776D9900C46267 = {
			fileEncoding = 4;
			isa = PBXFileReference;
			lastKnownFileType = sourcecode.c.h;
			path = MUWorld.h;
			refType = 4;
			sourceTree = "<group>";
		};
		E6DA667107776D9900C46267 = {
			fileEncoding = 4;
			isa = PBXFileReference;
			lastKnownFileType = sourcecode.c.objc;
			path = MUWorld.m;
			refType = 4;
			sourceTree = "<group>";
		};
		E6DA667307776D9900C46267 = {
			fileRef = E6DA667107776D9900C46267;
			isa = PBXBuildFile;
			settings = {
			};
		};
		E6E79CEA07697FD100A8FB96 = {
			fileEncoding = 4;
			isa = PBXFileReference;
			lastKnownFileType = sourcecode.c.h;
			path = UKPrefsPanel.h;
			refType = 4;
			sourceTree = "<group>";
		};
		E6E79CEB07697FD100A8FB96 = {
			fileEncoding = 4;
			isa = PBXFileReference;
			lastKnownFileType = sourcecode.c.objc;
			path = UKPrefsPanel.m;
			refType = 4;
			sourceTree = "<group>";
		};
		E6E79CED07697FD100A8FB96 = {
			fileRef = E6E79CEB07697FD100A8FB96;
			isa = PBXBuildFile;
			settings = {
			};
		};
		E6E7A6210749693A007005AC = {
			fileEncoding = 4;
			isa = PBXFileReference;
			lastKnownFileType = sourcecode.c.h;
			path = J3HistoryRing.h;
			refType = 4;
			sourceTree = "<group>";
		};
		E6E7A62707496940007005AC = {
			fileEncoding = 4;
			isa = PBXFileReference;
			lastKnownFileType = sourcecode.c.objc;
			path = J3HistoryRing.m;
			refType = 4;
			sourceTree = "<group>";
		};
		E6E7A62807496940007005AC = {
			fileRef = E6E7A62707496940007005AC;
			isa = PBXBuildFile;
			settings = {
			};
		};
		E6E7A62E07496971007005AC = {
			fileEncoding = 4;
			isa = PBXFileReference;
			lastKnownFileType = sourcecode.c.h;
			path = J3TextLogger.h;
			refType = 4;
			sourceTree = "<group>";
		};
		E6E7A6340749697C007005AC = {
			fileEncoding = 4;
			isa = PBXFileReference;
			lastKnownFileType = sourcecode.c.objc;
			path = J3TextLogger.m;
			refType = 4;
			sourceTree = "<group>";
		};
		E6E7A6350749697C007005AC = {
			fileRef = E6E7A6340749697C007005AC;
			isa = PBXBuildFile;
			settings = {
			};
		};
		E6E7A63D0749698F007005AC = {
			fileEncoding = 4;
			isa = PBXFileReference;
			lastKnownFileType = sourcecode.c.h;
			path = J3TextLoggerTests.h;
			refType = 4;
			sourceTree = "<group>";
		};
		E6E7A63E0749698F007005AC = {
			fileEncoding = 4;
			isa = PBXFileReference;
			lastKnownFileType = sourcecode.c.objc;
			path = J3TextLoggerTests.m;
			refType = 4;
			sourceTree = "<group>";
		};
		E6E7A6CC074970FE007005AC = {
			fileEncoding = 4;
			isa = PBXFileReference;
			lastKnownFileType = sourcecode.c.h;
			path = J3HistoryRingTests.h;
			refType = 4;
			sourceTree = "<group>";
		};
		E6E7A6CD074970FE007005AC = {
			fileEncoding = 4;
			isa = PBXFileReference;
			lastKnownFileType = sourcecode.c.objc;
			path = J3HistoryRingTests.m;
			refType = 4;
			sourceTree = "<group>";
		};
		E6E7A6F6074971FF007005AC = {
			fileRef = E6E7A63E0749698F007005AC;
			isa = PBXBuildFile;
			settings = {
			};
		};
		E6E7A6F7074971FF007005AC = {
			fileRef = E6E7A6CD074970FE007005AC;
			isa = PBXBuildFile;
			settings = {
			};
		};
		E6E7A72A07497275007005AC = {
			fileRef = E6E7A62707496940007005AC;
			isa = PBXBuildFile;
			settings = {
			};
		};
		E6E7BF0D07867F080065EDD6 = {
			isa = PBXFileReference;
			lastKnownFileType = image.png;
			path = "finger-cursor.png";
			refType = 4;
			sourceTree = "<group>";
		};
		E6E7BF0E07867F080065EDD6 = {
			fileRef = E6E7BF0D07867F080065EDD6;
			isa = PBXBuildFile;
			settings = {
			};
		};
		E6E7BF500788FDA40065EDD6 = {
			children = (
				E677D20E0778041F00B417D2,
				7E39EF9B0783938F0042A17A,
				E6DA667007776D9900C46267,
				E677D20F0778041F00B417D2,
				7E39EF9C0783938F0042A17A,
				E6DA667107776D9900C46267,
			);
			isa = PBXGroup;
			name = "Domain Objects";
			path = domainobjects;
			refType = 4;
			sourceTree = "<group>";
		};
		E6E7BF540788FDED0065EDD6 = {
			children = (
				E6E7A6210749693A007005AC,
				E64C9631076BF95E00D0D7C0,
				E6E7A62707496940007005AC,
				E64C9632076BF95E00D0D7C0,
			);
			isa = PBXGroup;
			name = Infrastructure;
			path = infrastructure;
			refType = 4;
			sourceTree = "<group>";
		};
		E6E7BF6C0788FE180065EDD6 = {
			children = (
				E60DDB83076CE889009870E4,
				E6A231270772E166008EF744,
				E6E79CEA07697FD100A8FB96,
				E63B5E8007854008003FDA45,
				E60DDB84076CE889009870E4,
				E6A231280772E166008EF744,
				E6E79CEB07697FD100A8FB96,
				E63B5E7F07854008003FDA45,
			);
			isa = PBXGroup;
			name = Controls;
			path = controls;
			refType = 4;
			sourceTree = "<group>";
		};
		E6EB62B207569CAC009F47D5 = {
			isa = PBXFileReference;
			lastKnownFileType = wrapper.nib;
			name = English;
			path = resources/nibs/English.lproj/MUConnectionWindow.nib;
			refType = 2;
			sourceTree = SOURCE_ROOT;
		};
		E6EB62BC07569D1C009F47D5 = {
			isa = PBXFileReference;
			lastKnownFileType = wrapper.nib;
			name = English;
			path = resources/nibs/English.lproj/MUMainMenu.nib;
			refType = 2;
			sourceTree = SOURCE_ROOT;
		};
		E6EB62BE07569D2E009F47D5 = {
			children = (
				E6EB62BC07569D1C009F47D5,
			);
			isa = PBXVariantGroup;
			name = MUMainMenu.nib;
			refType = 4;
			sourceTree = "<group>";
		};
		E6EB62BF07569D2E009F47D5 = {
			fileRef = E6EB62BE07569D2E009F47D5;
			isa = PBXBuildFile;
			settings = {
			};
		};
		E6EB62C007569D33009F47D5 = {
			children = (
				E6EB62B207569CAC009F47D5,
			);
			isa = PBXVariantGroup;
			name = MUConnectionWindow.nib;
			refType = 4;
			sourceTree = "<group>";
		};
		E6EB62C107569D33009F47D5 = {
			fileRef = E6EB62C007569D33009F47D5;
			isa = PBXBuildFile;
			settings = {
			};
		};
		E6F3A711077A1AAC0011A461 = {
			isa = PBXFileReference;
			lastKnownFileType = wrapper.nib;
			name = English;
			path = resources/nibs/English.lproj/MUProfiles.nib;
			refType = 2;
			sourceTree = SOURCE_ROOT;
		};
		E6F3A713077A1ABD0011A461 = {
			children = (
				E6F3A711077A1AAC0011A461,
			);
			isa = PBXVariantGroup;
			name = MUProfiles.nib;
			refType = 4;
			sourceTree = "<group>";
		};
		E6F3A714077A1ABD0011A461 = {
			fileRef = E6F3A713077A1ABD0011A461;
			isa = PBXBuildFile;
			settings = {
			};
		};
		E6F3A71D077A1B270011A461 = {
			fileEncoding = 4;
			isa = PBXFileReference;
			lastKnownFileType = sourcecode.c.h;
			path = MUWorldRegistry.h;
			refType = 4;
			sourceTree = "<group>";
		};
		E6F3A71E077A1B270011A461 = {
			fileEncoding = 4;
			isa = PBXFileReference;
			lastKnownFileType = sourcecode.c.objc;
			path = MUWorldRegistry.m;
			refType = 4;
			sourceTree = "<group>";
		};
		E6F3A720077A1B270011A461 = {
			fileRef = E6F3A71E077A1B270011A461;
			isa = PBXBuildFile;
			settings = {
			};
		};
		E6F60DAB0778A3C600E0EBB4 = {
			fileEncoding = 4;
			isa = PBXFileReference;
			lastKnownFileType = sourcecode.c.h;
			path = "NSFileManager (Recursive).h";
			refType = 4;
			sourceTree = "<group>";
		};
		E6F60DAC0778A3C600E0EBB4 = {
			fileEncoding = 4;
			isa = PBXFileReference;
			lastKnownFileType = sourcecode.c.objc;
			path = "NSFileManager (Recursive).m";
			refType = 4;
			sourceTree = "<group>";
		};
		E6F60DAE0778A3C600E0EBB4 = {
			fileRef = E6F60DAC0778A3C600E0EBB4;
			isa = PBXBuildFile;
			settings = {
			};
		};
		E6F60DED0778A6C900E0EBB4 = {
			fileRef = E6F60DAC0778A3C600E0EBB4;
			isa = PBXBuildFile;
			settings = {
			};
		};
	};
	rootObject = 29B97313FDCFA39411CA2CEA;
}
